
Microsoft Visual Studio Solution File, Format Version 12.00
# Visual Studio 15
VisualStudioVersion = 15.0.28307.779
MinimumVisualStudioVersion = 10.0.40219.1
Project("{9A19103F-16F7-4668-BE54-9A1E7A4F7556}") = "GTTS.Web", "GTTS.Web\GTTS.Web.csproj", "{CE70A71A-6647-4C66-973C-56A29780D367}"
	ProjectSection(ProjectDependencies) = postProject
		{47A5B206-EE52-4611-8059-88948F54ADBC} = {47A5B206-EE52-4611-8059-88948F54ADBC}
		{21EEF40A-CBCD-4C9E-ACA1-6363EEB39393} = {21EEF40A-CBCD-4C9E-ACA1-6363EEB39393}
		{9FB7A60E-C7F3-4B3D-A7AA-1D1376C00B81} = {9FB7A60E-C7F3-4B3D-A7AA-1D1376C00B81}
		{CC2E7416-284D-4FE8-AD18-E71E56138FC2} = {CC2E7416-284D-4FE8-AD18-E71E56138FC2}
		{3932172B-CA04-4A15-9CD3-E5EAFBB17A82} = {3932172B-CA04-4A15-9CD3-E5EAFBB17A82}
		{D1B79D37-2BDF-4B29-9B86-B879CDCF3306} = {D1B79D37-2BDF-4B29-9B86-B879CDCF3306}
		{59511149-F50A-4EB7-BC7F-8EC789CFB203} = {59511149-F50A-4EB7-BC7F-8EC789CFB203}
		{E4536849-E8F4-452B-99D9-BE1480B52928} = {E4536849-E8F4-452B-99D9-BE1480B52928}
		{A815EB52-3FC6-4C80-9119-1BB1F30A5432} = {A815EB52-3FC6-4C80-9119-1BB1F30A5432}
		{BC56077B-2532-4C81-9524-E4D6A33A951A} = {BC56077B-2532-4C81-9524-E4D6A33A951A}
		{3353507D-55AB-411A-AC27-E210CB7780C5} = {3353507D-55AB-411A-AC27-E210CB7780C5}
		{61B5DEB7-73E4-48F2-A0D0-F99FC9AA7C75} = {61B5DEB7-73E4-48F2-A0D0-F99FC9AA7C75}
		{CA2DDEC9-F20C-4311-8410-56A49EA4BC99} = {CA2DDEC9-F20C-4311-8410-56A49EA4BC99}
		{0B9AB8E2-2B1B-4F85-8B0D-7458B57FDD04} = {0B9AB8E2-2B1B-4F85-8B0D-7458B57FDD04}
		{190970EA-CAAA-4975-96F7-46DC4EBD8C13} = {190970EA-CAAA-4975-96F7-46DC4EBD8C13}
		{A417BEEA-7DF0-49D3-BCC2-40C5F9CCEB0D} = {A417BEEA-7DF0-49D3-BCC2-40C5F9CCEB0D}
	EndProjectSection
EndProject
Project("{9A19103F-16F7-4668-BE54-9A1E7A4F7556}") = "INL.PersonService.Functions", "INL.PersonService.Functions\INL.PersonService.Functions.csproj", "{190970EA-CAAA-4975-96F7-46DC4EBD8C13}"
EndProject
Project("{9A19103F-16F7-4668-BE54-9A1E7A4F7556}") = "INL.TrainingService.Functions", "INL.TrainingService.Functions\INL.TrainingService.Functions.csproj", "{A417BEEA-7DF0-49D3-BCC2-40C5F9CCEB0D}"
EndProject
Project("{9A19103F-16F7-4668-BE54-9A1E7A4F7556}") = "INL.PersonService", "INL.PersonService\INL.PersonService.csproj", "{BD4248A1-B4F8-47F4-9917-8C58171B51AB}"
EndProject
Project("{9A19103F-16F7-4668-BE54-9A1E7A4F7556}") = "INL.TrainingService", "INL.TrainingService\INL.TrainingService.csproj", "{61B5DEB7-73E4-48F2-A0D0-F99FC9AA7C75}"
EndProject
Project("{9A19103F-16F7-4668-BE54-9A1E7A4F7556}") = "INL.MessagingService.Functions", "INL.MessagingService.Functions\INL.MessagingService.Functions.csproj", "{21EEF40A-CBCD-4C9E-ACA1-6363EEB39393}"
EndProject
Project("{9A19103F-16F7-4668-BE54-9A1E7A4F7556}") = "INL.VettingService.Functions", "INL.VettingService.Functions\INL.VettingService.Functions.csproj", "{59511149-F50A-4EB7-BC7F-8EC789CFB203}"
	ProjectSection(ProjectDependencies) = postProject
		{E6BEC2DA-4147-463D-8EAB-6A4309147A2F} = {E6BEC2DA-4147-463D-8EAB-6A4309147A2F}
	EndProjectSection
EndProject
Project("{9A19103F-16F7-4668-BE54-9A1E7A4F7556}") = "INL.UserService.Functions", "INL.UserService.Functions\INL.UserService.Functions.csproj", "{0B9AB8E2-2B1B-4F85-8B0D-7458B57FDD04}"
EndProject
Project("{9A19103F-16F7-4668-BE54-9A1E7A4F7556}") = "INL.LocationService.Functions", "INL.LocationService.Functions\INL.LocationService.Functions.csproj", "{CC2E7416-284D-4FE8-AD18-E71E56138FC2}"
EndProject
Project("{9A19103F-16F7-4668-BE54-9A1E7A4F7556}") = "INL.LocationService", "INL.LocationService\INL.LocationService.csproj", "{11B83615-981F-4679-B0C0-54C0FFD86062}"
EndProject
Project("{9A19103F-16F7-4668-BE54-9A1E7A4F7556}") = "INL.MessagingService", "INL.MessagingService\INL.MessagingService.csproj", "{6C53BD85-90AC-441A-8F8A-3829D19A1371}"
EndProject
Project("{9A19103F-16F7-4668-BE54-9A1E7A4F7556}") = "INL.UserService", "INL.UserService\INL.UserService.csproj", "{836A9B82-8163-43A8-9A34-F6552326B0FC}"
EndProject
Project("{9A19103F-16F7-4668-BE54-9A1E7A4F7556}") = "INL.VettingService", "INL.VettingService\INL.VettingService.csproj", "{191E9F1A-D880-4B46-B93F-436F352CABDB}"
	ProjectSection(ProjectDependencies) = postProject
		{E6BEC2DA-4147-463D-8EAB-6A4309147A2F} = {E6BEC2DA-4147-463D-8EAB-6A4309147A2F}
	EndProjectSection
EndProject
Project("{9A19103F-16F7-4668-BE54-9A1E7A4F7556}") = "INL.Functions", "INL.Functions\INL.Functions.csproj", "{BC56077B-2532-4C81-9524-E4D6A33A951A}"
EndProject
Project("{9A19103F-16F7-4668-BE54-9A1E7A4F7556}") = "INL.LoggingService.Functions", "INL.LoggingService.Functions\INL.LoggingService.Functions.csproj", "{E4536849-E8F4-452B-99D9-BE1480B52928}"
EndProject
Project("{9A19103F-16F7-4668-BE54-9A1E7A4F7556}") = "INL.LoggingService", "INL.LoggingService\INL.LoggingService.csproj", "{960ED9D4-2E1C-408D-A0A9-CB113BD55D7F}"
EndProject
Project("{9A19103F-16F7-4668-BE54-9A1E7A4F7556}") = "INL.ReferenceService", "INL.ReferenceService\INL.ReferenceService.csproj", "{D999D0A3-FA07-4173-9577-DDFAA014E20C}"
EndProject
Project("{9A19103F-16F7-4668-BE54-9A1E7A4F7556}") = "INL.ReferenceService.Functions", "INL.ReferenceService.Functions\INL.ReferenceService.Functions.csproj", "{3353507D-55AB-411A-AC27-E210CB7780C5}"
	ProjectSection(ProjectDependencies) = postProject
		{BC56077B-2532-4C81-9524-E4D6A33A951A} = {BC56077B-2532-4C81-9524-E4D6A33A951A}
		{D999D0A3-FA07-4173-9577-DDFAA014E20C} = {D999D0A3-FA07-4173-9577-DDFAA014E20C}
	EndProjectSection
EndProject
Project("{9A19103F-16F7-4668-BE54-9A1E7A4F7556}") = "INL.DocumentService", "INL.DocumentService\INL.DocumentService.csproj", "{47A5B206-EE52-4611-8059-88948F54ADBC}"
EndProject
Project("{FAE04EC0-301F-11D3-BF4B-00C04F79EFBC}") = "INL.DocumentService.UnitTest", "INL.DocumentService.UnitTest\INL.DocumentService.UnitTest.csproj", "{7C7DDF00-4B3F-4B19-919E-B2791ECF79B7}"
EndProject
Project("{9A19103F-16F7-4668-BE54-9A1E7A4F7556}") = "INL.Repositories", "INL.Repositories\INL.Repositories.csproj", "{A815EB52-3FC6-4C80-9119-1BB1F30A5432}"
EndProject
Project("{FAE04EC0-301F-11D3-BF4B-00C04F79EFBC}") = "INL.UnitTests", "INL.UnitTests\INL.UnitTests.csproj", "{F94308F0-11A4-4558-82C7-3847789733EC}"
EndProject
Project("{9A19103F-16F7-4668-BE54-9A1E7A4F7556}") = "INL.DocumentService.Functions", "INL.DocumentService.Functions\INL.DocumentService.Functions.csproj", "{CA2DDEC9-F20C-4311-8410-56A49EA4BC99}"
EndProject
Project("{FAE04EC0-301F-11D3-BF4B-00C04F79EFBC}") = "INL.TrainingService.UnitTest", "INL.TrainingService.UnitTest\INL.TrainingService.UnitTest.csproj", "{9FB7A60E-C7F3-4B3D-A7AA-1D1376C00B83}"
EndProject
Project("{FAE04EC0-301F-11D3-BF4B-00C04F79EFBC}") = "INL.ReferenceService.UnitTest", "INL.ReferenceService.UnitTest\INL.ReferenceService.UnitTest.csproj", "{9FB7A60E-C7F3-4B3D-A7AA-1D1376C00B81}"
EndProject
Project("{9A19103F-16F7-4668-BE54-9A1E7A4F7556}") = "INL.Services", "INL.Services\INL.Services.csproj", "{3932172B-CA04-4A15-9CD3-E5EAFBB17A82}"
EndProject
Project("{FAE04EC0-301F-11D3-BF4B-00C04F79EFBC}") = "INL.LocationService.UnitTest", "INL.LocationService.UnitTest\INL.LocationService.UnitTest.csproj", "{D7D10EEA-6B63-4DCD-86AD-DFB90E2FF32C}"
EndProject
Project("{FAE04EC0-301F-11D3-BF4B-00C04F79EFBC}") = "INL.PersonService.UnitTest", "INL.PersonService.UnitTest\INL.PersonService.UnitTest.csproj", "{32D8874C-0627-4007-8B12-AD53A723B9B6}"
EndProject
Project("{9A19103F-16F7-4668-BE54-9A1E7A4F7556}") = "INL.UnitLibraryService.Functions", "INL.UnitLibraryService.Functions\INL.UnitLibraryService.Functions.csproj", "{D1B79D37-2BDF-4B29-9B86-B879CDCF3306}"
EndProject
Project("{9A19103F-16F7-4668-BE54-9A1E7A4F7556}") = "INL.UnitLibraryService", "INL.UnitLibraryService\INL.UnitLibraryService.csproj", "{48A45F1C-CD2D-4250-B8F2-03B3612C49D9}"
EndProject
Project("{9A19103F-16F7-4668-BE54-9A1E7A4F7556}") = "INL.DocumentService.Client", "INL.DocumentService.Client\INL.DocumentService.Client.csproj", "{F064FDD9-7DC1-4C95-AEBF-35CE4AF3663D}"
EndProject
Project("{FAE04EC0-301F-11D3-BF4B-00C04F79EFBC}") = "INL.VettingService.UnitTest", "INL.VettingService.UnitTest\INL.VettingService.UnitTest.csproj", "{B6655C8A-6E1B-4511-9121-F9821DE05F82}"
EndProject
Project("{9A19103F-16F7-4668-BE54-9A1E7A4F7556}") = "INL.VettingService.Client", "INL.VettingService.Client\INL.VettingService.Client.csproj", "{F7F0A32F-4C9A-46E6-B8CD-D86A83112AB0}"
EndProject
Project("{9A19103F-16F7-4668-BE54-9A1E7A4F7556}") = "INL.PersonService.Client", "INL.PersonService.Client\INL.PersonService.Client.csproj", "{41FEF6BD-B85E-4A73-9560-25837E81FB29}"
EndProject
Project("{FAE04EC0-301F-11D3-BF4B-00C04F79EFBC}") = "INL.UnitLibraryService.UnitTest", "INL.UnitLibraryService.UnitTest\INL.UnitLibraryService.UnitTest.csproj", "{FE7AFC67-EEA7-488B-A821-8A2EB8A4AC28}"
EndProject
Project("{9A19103F-16F7-4668-BE54-9A1E7A4F7556}") = "INL.LocationService.Client", "INL.LocationService.Client\INL.LocationService.Client.csproj", "{23FDFAF9-15CE-422D-A8CF-D472E42D476A}"
EndProject
Project("{00D1A9C2-B5F0-4AF3-8072-F6C62B433612}") = "INLDB", "INLDB\INLDB.sqlproj", "{38472B57-4807-4330-B481-754CF8F5D4C6}"
EndProject
Project("{9A19103F-16F7-4668-BE54-9A1E7A4F7556}") = "INL.UserService.Client", "INL.UserService.Client\INL.UserService.Client.csproj", "{75A92B91-D961-4D4F-B519-4EEA2E448F94}"
EndProject
Project("{9A19103F-16F7-4668-BE54-9A1E7A4F7556}") = "INL.SearchService", "INL.SearchService\INL.SearchService.csproj", "{E8CDF0BD-7F84-4BF7-AE9E-5161CBDDB4F9}"
EndProject
Project("{9A19103F-16F7-4668-BE54-9A1E7A4F7556}") = "INL.SearchService.Functions", "INL.SearchService.Functions\INL.SearchService.Functions.csproj", "{59C39919-A194-4E98-9E84-D60641DD4409}"
EndProject
Project("{FAE04EC0-301F-11D3-BF4B-00C04F79EFBC}") = "INL.SearchService.UnitTest", "INL.SearchService.UnitTest\INL.SearchService.UnitTest.csproj", "{B667ED01-E6D3-43B1-B37C-1744056598A8}"
EndProject
Project("{9A19103F-16F7-4668-BE54-9A1E7A4F7556}") = "INL.ReferenceService.Client", "INL.ReferenceService.Client\INL.ReferenceService.Client.csproj", "{92B41BA1-0184-447F-A30F-12A3B60CB681}"
EndProject
Project("{FAE04EC0-301F-11D3-BF4B-00C04F79EFBC}") = "INL.MessagingService.UnitTest", "INL.MessagingService.UnitTest\INL.MessagingService.UnitTest.csproj", "{5D11F200-7F01-4E5D-8F0B-E3FCCE7CE32E}"
EndProject
Project("{9A19103F-16F7-4668-BE54-9A1E7A4F7556}") = "INL.TrainingService.Client", "INL.TrainingService.Client\INL.TrainingService.Client.csproj", "{AD783268-F132-4602-B1BB-A1E7182AF856}"
EndProject
Project("{9A19103F-16F7-4668-BE54-9A1E7A4F7556}") = "INL.BudgetsService", "INL.BudgetsService\INL.BudgetsService.csproj", "{B3AD8EC5-3624-4BD9-B0D8-3722C8DF4765}"
EndProject
Project("{9A19103F-16F7-4668-BE54-9A1E7A4F7556}") = "INL.BudgetsService.Functions", "INL.BudgetsService.Functions\INL.BudgetsService.Functions.csproj", "{7FBFD988-2172-47B1-B119-7C3A36E8C0F7}"
EndProject
Project("{9A19103F-16F7-4668-BE54-9A1E7A4F7556}") = "INL.UnitLibraryService.Client", "INL.UnitLibraryService.Client\INL.UnitLibraryService.Client.csproj", "{C76DF0B2-71AE-4E38-8A82-61529CAC55F1}"
EndProject
Project("{9A19103F-16F7-4668-BE54-9A1E7A4F7556}") = "INL.MessagingService.Client", "INL.MessagingService.Client\INL.MessagingService.Client.csproj", "{E6BEC2DA-4147-463D-8EAB-6A4309147A2F}"
EndProject
Project("{2150E333-8FDC-42A3-9474-1A3956D46DE8}") = "Dependencies", "Dependencies", "{4EEE9954-7E09-4E1F-B7DB-40B9537834E3}"
EndProject
Project("{2150E333-8FDC-42A3-9474-1A3956D46DE8}") = "RazorEngine.NetCore", "RazorEngine.NetCore", "{1A0D92DC-C726-4FA7-9D7A-7E6E293566C9}"
	ProjectSection(SolutionItems) = preProject
		Dependencies\RazorEngine.NetCore\RazorEngine.NetCore.2.2.2.nupkg = Dependencies\RazorEngine.NetCore\RazorEngine.NetCore.2.2.2.nupkg
		Dependencies\RazorEngine.NetCore\RazorEngine.NetCore.2.2.2.symbols.nupkg = Dependencies\RazorEngine.NetCore\RazorEngine.NetCore.2.2.2.symbols.nupkg
	EndProjectSection
EndProject
Project("{2150E333-8FDC-42A3-9474-1A3956D46DE8}") = "net461", "net461", "{CDE4D16A-34CA-4909-817A-F2D501F2A3EA}"
	ProjectSection(SolutionItems) = preProject
		Dependencies\RazorEngine.NetCore\net461\Microsoft.AspNetCore.Html.Abstractions.dll = Dependencies\RazorEngine.NetCore\net461\Microsoft.AspNetCore.Html.Abstractions.dll
		Dependencies\RazorEngine.NetCore\net461\Microsoft.AspNetCore.Razor.dll = Dependencies\RazorEngine.NetCore\net461\Microsoft.AspNetCore.Razor.dll
		Dependencies\RazorEngine.NetCore\net461\Microsoft.AspNetCore.Razor.Language.dll = Dependencies\RazorEngine.NetCore\net461\Microsoft.AspNetCore.Razor.Language.dll
		Dependencies\RazorEngine.NetCore\net461\Microsoft.AspNetCore.Razor.Runtime.dll = Dependencies\RazorEngine.NetCore\net461\Microsoft.AspNetCore.Razor.Runtime.dll
		Dependencies\RazorEngine.NetCore\net461\Microsoft.CodeAnalysis.CSharp.dll = Dependencies\RazorEngine.NetCore\net461\Microsoft.CodeAnalysis.CSharp.dll
		Dependencies\RazorEngine.NetCore\net461\Microsoft.CodeAnalysis.dll = Dependencies\RazorEngine.NetCore\net461\Microsoft.CodeAnalysis.dll
		Dependencies\RazorEngine.NetCore\net461\Microsoft.Win32.Primitives.dll = Dependencies\RazorEngine.NetCore\net461\Microsoft.Win32.Primitives.dll
		Dependencies\RazorEngine.NetCore\net461\netstandard.dll = Dependencies\RazorEngine.NetCore\net461\netstandard.dll
		Dependencies\RazorEngine.NetCore\net461\RazorEngine.NetCore.dll = Dependencies\RazorEngine.NetCore\net461\RazorEngine.NetCore.dll
		Dependencies\RazorEngine.NetCore\net461\RazorEngine.NetCore.pdb = Dependencies\RazorEngine.NetCore\net461\RazorEngine.NetCore.pdb
		Dependencies\RazorEngine.NetCore\net461\System.AppContext.dll = Dependencies\RazorEngine.NetCore\net461\System.AppContext.dll
		Dependencies\RazorEngine.NetCore\net461\System.Collections.Concurrent.dll = Dependencies\RazorEngine.NetCore\net461\System.Collections.Concurrent.dll
		Dependencies\RazorEngine.NetCore\net461\System.Collections.dll = Dependencies\RazorEngine.NetCore\net461\System.Collections.dll
		Dependencies\RazorEngine.NetCore\net461\System.Collections.Immutable.dll = Dependencies\RazorEngine.NetCore\net461\System.Collections.Immutable.dll
		Dependencies\RazorEngine.NetCore\net461\System.Collections.NonGeneric.dll = Dependencies\RazorEngine.NetCore\net461\System.Collections.NonGeneric.dll
		Dependencies\RazorEngine.NetCore\net461\System.Collections.Specialized.dll = Dependencies\RazorEngine.NetCore\net461\System.Collections.Specialized.dll
		Dependencies\RazorEngine.NetCore\net461\System.ComponentModel.dll = Dependencies\RazorEngine.NetCore\net461\System.ComponentModel.dll
		Dependencies\RazorEngine.NetCore\net461\System.ComponentModel.EventBasedAsync.dll = Dependencies\RazorEngine.NetCore\net461\System.ComponentModel.EventBasedAsync.dll
		Dependencies\RazorEngine.NetCore\net461\System.ComponentModel.Primitives.dll = Dependencies\RazorEngine.NetCore\net461\System.ComponentModel.Primitives.dll
		Dependencies\RazorEngine.NetCore\net461\System.ComponentModel.TypeConverter.dll = Dependencies\RazorEngine.NetCore\net461\System.ComponentModel.TypeConverter.dll
		Dependencies\RazorEngine.NetCore\net461\System.Console.dll = Dependencies\RazorEngine.NetCore\net461\System.Console.dll
		Dependencies\RazorEngine.NetCore\net461\System.Data.Common.dll = Dependencies\RazorEngine.NetCore\net461\System.Data.Common.dll
		Dependencies\RazorEngine.NetCore\net461\System.Diagnostics.Contracts.dll = Dependencies\RazorEngine.NetCore\net461\System.Diagnostics.Contracts.dll
		Dependencies\RazorEngine.NetCore\net461\System.Diagnostics.Debug.dll = Dependencies\RazorEngine.NetCore\net461\System.Diagnostics.Debug.dll
		Dependencies\RazorEngine.NetCore\net461\System.Diagnostics.FileVersionInfo.dll = Dependencies\RazorEngine.NetCore\net461\System.Diagnostics.FileVersionInfo.dll
		Dependencies\RazorEngine.NetCore\net461\System.Diagnostics.Process.dll = Dependencies\RazorEngine.NetCore\net461\System.Diagnostics.Process.dll
		Dependencies\RazorEngine.NetCore\net461\System.Diagnostics.StackTrace.dll = Dependencies\RazorEngine.NetCore\net461\System.Diagnostics.StackTrace.dll
		Dependencies\RazorEngine.NetCore\net461\System.Diagnostics.TextWriterTraceListener.dll = Dependencies\RazorEngine.NetCore\net461\System.Diagnostics.TextWriterTraceListener.dll
		Dependencies\RazorEngine.NetCore\net461\System.Diagnostics.Tools.dll = Dependencies\RazorEngine.NetCore\net461\System.Diagnostics.Tools.dll
		Dependencies\RazorEngine.NetCore\net461\System.Diagnostics.TraceSource.dll = Dependencies\RazorEngine.NetCore\net461\System.Diagnostics.TraceSource.dll
		Dependencies\RazorEngine.NetCore\net461\System.Diagnostics.Tracing.dll = Dependencies\RazorEngine.NetCore\net461\System.Diagnostics.Tracing.dll
		Dependencies\RazorEngine.NetCore\net461\System.Drawing.Primitives.dll = Dependencies\RazorEngine.NetCore\net461\System.Drawing.Primitives.dll
		Dependencies\RazorEngine.NetCore\net461\System.Dynamic.Runtime.dll = Dependencies\RazorEngine.NetCore\net461\System.Dynamic.Runtime.dll
		Dependencies\RazorEngine.NetCore\net461\System.Globalization.Calendars.dll = Dependencies\RazorEngine.NetCore\net461\System.Globalization.Calendars.dll
		Dependencies\RazorEngine.NetCore\net461\System.Globalization.dll = Dependencies\RazorEngine.NetCore\net461\System.Globalization.dll
		Dependencies\RazorEngine.NetCore\net461\System.Globalization.Extensions.dll = Dependencies\RazorEngine.NetCore\net461\System.Globalization.Extensions.dll
		Dependencies\RazorEngine.NetCore\net461\System.IO.Compression.dll = Dependencies\RazorEngine.NetCore\net461\System.IO.Compression.dll
		Dependencies\RazorEngine.NetCore\net461\System.IO.Compression.ZipFile.dll = Dependencies\RazorEngine.NetCore\net461\System.IO.Compression.ZipFile.dll
		Dependencies\RazorEngine.NetCore\net461\System.IO.dll = Dependencies\RazorEngine.NetCore\net461\System.IO.dll
		Dependencies\RazorEngine.NetCore\net461\System.IO.FileSystem.dll = Dependencies\RazorEngine.NetCore\net461\System.IO.FileSystem.dll
		Dependencies\RazorEngine.NetCore\net461\System.IO.FileSystem.DriveInfo.dll = Dependencies\RazorEngine.NetCore\net461\System.IO.FileSystem.DriveInfo.dll
		Dependencies\RazorEngine.NetCore\net461\System.IO.FileSystem.Primitives.dll = Dependencies\RazorEngine.NetCore\net461\System.IO.FileSystem.Primitives.dll
		Dependencies\RazorEngine.NetCore\net461\System.IO.FileSystem.Watcher.dll = Dependencies\RazorEngine.NetCore\net461\System.IO.FileSystem.Watcher.dll
		Dependencies\RazorEngine.NetCore\net461\System.IO.IsolatedStorage.dll = Dependencies\RazorEngine.NetCore\net461\System.IO.IsolatedStorage.dll
		Dependencies\RazorEngine.NetCore\net461\System.IO.MemoryMappedFiles.dll = Dependencies\RazorEngine.NetCore\net461\System.IO.MemoryMappedFiles.dll
		Dependencies\RazorEngine.NetCore\net461\System.IO.Pipes.dll = Dependencies\RazorEngine.NetCore\net461\System.IO.Pipes.dll
		Dependencies\RazorEngine.NetCore\net461\System.IO.UnmanagedMemoryStream.dll = Dependencies\RazorEngine.NetCore\net461\System.IO.UnmanagedMemoryStream.dll
		Dependencies\RazorEngine.NetCore\net461\System.Linq.dll = Dependencies\RazorEngine.NetCore\net461\System.Linq.dll
		Dependencies\RazorEngine.NetCore\net461\System.Linq.Expressions.dll = Dependencies\RazorEngine.NetCore\net461\System.Linq.Expressions.dll
		Dependencies\RazorEngine.NetCore\net461\System.Linq.Parallel.dll = Dependencies\RazorEngine.NetCore\net461\System.Linq.Parallel.dll
		Dependencies\RazorEngine.NetCore\net461\System.Linq.Queryable.dll = Dependencies\RazorEngine.NetCore\net461\System.Linq.Queryable.dll
		Dependencies\RazorEngine.NetCore\net461\System.Net.Http.dll = Dependencies\RazorEngine.NetCore\net461\System.Net.Http.dll
		Dependencies\RazorEngine.NetCore\net461\System.Net.NameResolution.dll = Dependencies\RazorEngine.NetCore\net461\System.Net.NameResolution.dll
		Dependencies\RazorEngine.NetCore\net461\System.Net.NetworkInformation.dll = Dependencies\RazorEngine.NetCore\net461\System.Net.NetworkInformation.dll
		Dependencies\RazorEngine.NetCore\net461\System.Net.Ping.dll = Dependencies\RazorEngine.NetCore\net461\System.Net.Ping.dll
		Dependencies\RazorEngine.NetCore\net461\System.Net.Primitives.dll = Dependencies\RazorEngine.NetCore\net461\System.Net.Primitives.dll
		Dependencies\RazorEngine.NetCore\net461\System.Net.Requests.dll = Dependencies\RazorEngine.NetCore\net461\System.Net.Requests.dll
		Dependencies\RazorEngine.NetCore\net461\System.Net.Security.dll = Dependencies\RazorEngine.NetCore\net461\System.Net.Security.dll
		Dependencies\RazorEngine.NetCore\net461\System.Net.Sockets.dll = Dependencies\RazorEngine.NetCore\net461\System.Net.Sockets.dll
		Dependencies\RazorEngine.NetCore\net461\System.Net.WebHeaderCollection.dll = Dependencies\RazorEngine.NetCore\net461\System.Net.WebHeaderCollection.dll
		Dependencies\RazorEngine.NetCore\net461\System.Net.WebSockets.Client.dll = Dependencies\RazorEngine.NetCore\net461\System.Net.WebSockets.Client.dll
		Dependencies\RazorEngine.NetCore\net461\System.Net.WebSockets.dll = Dependencies\RazorEngine.NetCore\net461\System.Net.WebSockets.dll
		Dependencies\RazorEngine.NetCore\net461\System.ObjectModel.dll = Dependencies\RazorEngine.NetCore\net461\System.ObjectModel.dll
		Dependencies\RazorEngine.NetCore\net461\System.Reflection.dll = Dependencies\RazorEngine.NetCore\net461\System.Reflection.dll
		Dependencies\RazorEngine.NetCore\net461\System.Reflection.Extensions.dll = Dependencies\RazorEngine.NetCore\net461\System.Reflection.Extensions.dll
		Dependencies\RazorEngine.NetCore\net461\System.Reflection.Metadata.dll = Dependencies\RazorEngine.NetCore\net461\System.Reflection.Metadata.dll
		Dependencies\RazorEngine.NetCore\net461\System.Reflection.Primitives.dll = Dependencies\RazorEngine.NetCore\net461\System.Reflection.Primitives.dll
		Dependencies\RazorEngine.NetCore\net461\System.Resources.Reader.dll = Dependencies\RazorEngine.NetCore\net461\System.Resources.Reader.dll
		Dependencies\RazorEngine.NetCore\net461\System.Resources.ResourceManager.dll = Dependencies\RazorEngine.NetCore\net461\System.Resources.ResourceManager.dll
		Dependencies\RazorEngine.NetCore\net461\System.Resources.Writer.dll = Dependencies\RazorEngine.NetCore\net461\System.Resources.Writer.dll
		Dependencies\RazorEngine.NetCore\net461\System.Runtime.CompilerServices.VisualC.dll = Dependencies\RazorEngine.NetCore\net461\System.Runtime.CompilerServices.VisualC.dll
		Dependencies\RazorEngine.NetCore\net461\System.Runtime.dll = Dependencies\RazorEngine.NetCore\net461\System.Runtime.dll
		Dependencies\RazorEngine.NetCore\net461\System.Runtime.Extensions.dll = Dependencies\RazorEngine.NetCore\net461\System.Runtime.Extensions.dll
		Dependencies\RazorEngine.NetCore\net461\System.Runtime.Handles.dll = Dependencies\RazorEngine.NetCore\net461\System.Runtime.Handles.dll
		Dependencies\RazorEngine.NetCore\net461\System.Runtime.InteropServices.dll = Dependencies\RazorEngine.NetCore\net461\System.Runtime.InteropServices.dll
		Dependencies\RazorEngine.NetCore\net461\System.Runtime.InteropServices.RuntimeInformation.dll = Dependencies\RazorEngine.NetCore\net461\System.Runtime.InteropServices.RuntimeInformation.dll
		Dependencies\RazorEngine.NetCore\net461\System.Runtime.Numerics.dll = Dependencies\RazorEngine.NetCore\net461\System.Runtime.Numerics.dll
		Dependencies\RazorEngine.NetCore\net461\System.Runtime.Serialization.Formatters.dll = Dependencies\RazorEngine.NetCore\net461\System.Runtime.Serialization.Formatters.dll
		Dependencies\RazorEngine.NetCore\net461\System.Runtime.Serialization.Json.dll = Dependencies\RazorEngine.NetCore\net461\System.Runtime.Serialization.Json.dll
		Dependencies\RazorEngine.NetCore\net461\System.Runtime.Serialization.Primitives.dll = Dependencies\RazorEngine.NetCore\net461\System.Runtime.Serialization.Primitives.dll
		Dependencies\RazorEngine.NetCore\net461\System.Runtime.Serialization.Xml.dll = Dependencies\RazorEngine.NetCore\net461\System.Runtime.Serialization.Xml.dll
		Dependencies\RazorEngine.NetCore\net461\System.Security.AccessControl.dll = Dependencies\RazorEngine.NetCore\net461\System.Security.AccessControl.dll
		Dependencies\RazorEngine.NetCore\net461\System.Security.Claims.dll = Dependencies\RazorEngine.NetCore\net461\System.Security.Claims.dll
		Dependencies\RazorEngine.NetCore\net461\System.Security.Cryptography.Algorithms.dll = Dependencies\RazorEngine.NetCore\net461\System.Security.Cryptography.Algorithms.dll
		Dependencies\RazorEngine.NetCore\net461\System.Security.Cryptography.Csp.dll = Dependencies\RazorEngine.NetCore\net461\System.Security.Cryptography.Csp.dll
		Dependencies\RazorEngine.NetCore\net461\System.Security.Cryptography.Encoding.dll = Dependencies\RazorEngine.NetCore\net461\System.Security.Cryptography.Encoding.dll
		Dependencies\RazorEngine.NetCore\net461\System.Security.Cryptography.Primitives.dll = Dependencies\RazorEngine.NetCore\net461\System.Security.Cryptography.Primitives.dll
		Dependencies\RazorEngine.NetCore\net461\System.Security.Cryptography.X509Certificates.dll = Dependencies\RazorEngine.NetCore\net461\System.Security.Cryptography.X509Certificates.dll
		Dependencies\RazorEngine.NetCore\net461\System.Security.Permissions.dll = Dependencies\RazorEngine.NetCore\net461\System.Security.Permissions.dll
		Dependencies\RazorEngine.NetCore\net461\System.Security.Principal.dll = Dependencies\RazorEngine.NetCore\net461\System.Security.Principal.dll
		Dependencies\RazorEngine.NetCore\net461\System.Security.Principal.Windows.dll = Dependencies\RazorEngine.NetCore\net461\System.Security.Principal.Windows.dll
		Dependencies\RazorEngine.NetCore\net461\System.Security.SecureString.dll = Dependencies\RazorEngine.NetCore\net461\System.Security.SecureString.dll
		Dependencies\RazorEngine.NetCore\net461\System.Text.Encoding.CodePages.dll = Dependencies\RazorEngine.NetCore\net461\System.Text.Encoding.CodePages.dll
		Dependencies\RazorEngine.NetCore\net461\System.Text.Encoding.dll = Dependencies\RazorEngine.NetCore\net461\System.Text.Encoding.dll
		Dependencies\RazorEngine.NetCore\net461\System.Text.Encoding.Extensions.dll = Dependencies\RazorEngine.NetCore\net461\System.Text.Encoding.Extensions.dll
		Dependencies\RazorEngine.NetCore\net461\System.Text.Encodings.Web.dll = Dependencies\RazorEngine.NetCore\net461\System.Text.Encodings.Web.dll
		Dependencies\RazorEngine.NetCore\net461\System.Text.RegularExpressions.dll = Dependencies\RazorEngine.NetCore\net461\System.Text.RegularExpressions.dll
		Dependencies\RazorEngine.NetCore\net461\System.Threading.dll = Dependencies\RazorEngine.NetCore\net461\System.Threading.dll
		Dependencies\RazorEngine.NetCore\net461\System.Threading.Overlapped.dll = Dependencies\RazorEngine.NetCore\net461\System.Threading.Overlapped.dll
		Dependencies\RazorEngine.NetCore\net461\System.Threading.Tasks.dll = Dependencies\RazorEngine.NetCore\net461\System.Threading.Tasks.dll
		Dependencies\RazorEngine.NetCore\net461\System.Threading.Tasks.Parallel.dll = Dependencies\RazorEngine.NetCore\net461\System.Threading.Tasks.Parallel.dll
		Dependencies\RazorEngine.NetCore\net461\System.Threading.Thread.dll = Dependencies\RazorEngine.NetCore\net461\System.Threading.Thread.dll
		Dependencies\RazorEngine.NetCore\net461\System.Threading.ThreadPool.dll = Dependencies\RazorEngine.NetCore\net461\System.Threading.ThreadPool.dll
		Dependencies\RazorEngine.NetCore\net461\System.Threading.Timer.dll = Dependencies\RazorEngine.NetCore\net461\System.Threading.Timer.dll
		Dependencies\RazorEngine.NetCore\net461\System.ValueTuple.dll = Dependencies\RazorEngine.NetCore\net461\System.ValueTuple.dll
		Dependencies\RazorEngine.NetCore\net461\System.Xml.ReaderWriter.dll = Dependencies\RazorEngine.NetCore\net461\System.Xml.ReaderWriter.dll
		Dependencies\RazorEngine.NetCore\net461\System.Xml.XDocument.dll = Dependencies\RazorEngine.NetCore\net461\System.Xml.XDocument.dll
		Dependencies\RazorEngine.NetCore\net461\System.Xml.XmlDocument.dll = Dependencies\RazorEngine.NetCore\net461\System.Xml.XmlDocument.dll
		Dependencies\RazorEngine.NetCore\net461\System.Xml.XmlSerializer.dll = Dependencies\RazorEngine.NetCore\net461\System.Xml.XmlSerializer.dll
		Dependencies\RazorEngine.NetCore\net461\System.Xml.XPath.dll = Dependencies\RazorEngine.NetCore\net461\System.Xml.XPath.dll
		Dependencies\RazorEngine.NetCore\net461\System.Xml.XPath.XDocument.dll = Dependencies\RazorEngine.NetCore\net461\System.Xml.XPath.XDocument.dll
	EndProjectSection
EndProject
Project("{2150E333-8FDC-42A3-9474-1A3956D46DE8}") = "netstandard2.0", "netstandard2.0", "{8F097068-F63B-42BE-BB2D-6F04BFA701B0}"
	ProjectSection(SolutionItems) = preProject
		Dependencies\RazorEngine.NetCore\netstandard2.0\RazorEngine.NetCore.deps.json = Dependencies\RazorEngine.NetCore\netstandard2.0\RazorEngine.NetCore.deps.json
		Dependencies\RazorEngine.NetCore\netstandard2.0\RazorEngine.NetCore.dll = Dependencies\RazorEngine.NetCore\netstandard2.0\RazorEngine.NetCore.dll
		Dependencies\RazorEngine.NetCore\netstandard2.0\RazorEngine.NetCore.pdb = Dependencies\RazorEngine.NetCore\netstandard2.0\RazorEngine.NetCore.pdb
	EndProjectSection
EndProject
Project("{9A19103F-16F7-4668-BE54-9A1E7A4F7556}") = "INL.UserService.Models", "INL.UserService.Models\INL.UserService.Models.csproj", "{391D5DDF-078B-4EF3-8CE1-9A3B59DD73C6}"
EndProject
Project("{9A19103F-16F7-4668-BE54-9A1E7A4F7556}") = "INL.TrainingService.Models", "INL.TrainingService.Models\INL.TrainingService.Models.csproj", "{0F2E0224-344D-406D-A2AB-6CC1F4E452C8}"
EndProject
Project("{9A19103F-16F7-4668-BE54-9A1E7A4F7556}") = "INL.PersonService.Models", "INL.PersonService.Models\INL.PersonService.Models.csproj", "{0FAE269E-F4FB-4C34-8DEF-1E352F1C63EC}"
EndProject
Project("{9A19103F-16F7-4668-BE54-9A1E7A4F7556}") = "INL.UnitLibraryService.Models", "INL.UnitLibraryService.Models\INL.UnitLibraryService.Models.csproj", "{4FED0EBF-C0B2-45A5-B11B-DD9E1BF49508}"
EndProject
Project("{9A19103F-16F7-4668-BE54-9A1E7A4F7556}") = "INL.Clients", "INL.Clients\INL.Clients.csproj", "{5323FA42-D565-4C5C-BED4-371CAF98A9FF}"
EndProject
Project("{9A19103F-16F7-4668-BE54-9A1E7A4F7556}") = "INL.VettingService.Models", "INL.VettingService.Models\INL.VettingService.Models.csproj", "{07EA6D59-65B3-405C-99F3-49ECEB3F2AED}"
EndProject
Global
	GlobalSection(SolutionConfigurationPlatforms) = preSolution
		Debug|Any CPU = Debug|Any CPU
		Development|Any CPU = Development|Any CPU
		inl-dev|Any CPU = inl-dev|Any CPU
		inl-production|Any CPU = inl-production|Any CPU
		inl-test|Any CPU = inl-test|Any CPU
		inl-uat|Any CPU = inl-uat|Any CPU
		Release|Any CPU = Release|Any CPU
	EndGlobalSection
	GlobalSection(ProjectConfigurationPlatforms) = postSolution
		{CE70A71A-6647-4C66-973C-56A29780D367}.Debug|Any CPU.ActiveCfg = Debug|Any CPU
		{CE70A71A-6647-4C66-973C-56A29780D367}.Debug|Any CPU.Build.0 = Debug|Any CPU
		{CE70A71A-6647-4C66-973C-56A29780D367}.Development|Any CPU.ActiveCfg = Debug|Any CPU
		{CE70A71A-6647-4C66-973C-56A29780D367}.Development|Any CPU.Build.0 = Debug|Any CPU
		{CE70A71A-6647-4C66-973C-56A29780D367}.inl-dev|Any CPU.ActiveCfg = inl-dev|Any CPU
		{CE70A71A-6647-4C66-973C-56A29780D367}.inl-dev|Any CPU.Build.0 = inl-dev|Any CPU
		{CE70A71A-6647-4C66-973C-56A29780D367}.inl-production|Any CPU.ActiveCfg = inl-production|Any CPU
		{CE70A71A-6647-4C66-973C-56A29780D367}.inl-production|Any CPU.Build.0 = inl-production|Any CPU
		{CE70A71A-6647-4C66-973C-56A29780D367}.inl-test|Any CPU.ActiveCfg = inl-test|Any CPU
		{CE70A71A-6647-4C66-973C-56A29780D367}.inl-test|Any CPU.Build.0 = inl-test|Any CPU
		{CE70A71A-6647-4C66-973C-56A29780D367}.inl-uat|Any CPU.ActiveCfg = inl-uat|Any CPU
		{CE70A71A-6647-4C66-973C-56A29780D367}.inl-uat|Any CPU.Build.0 = inl-uat|Any CPU
		{CE70A71A-6647-4C66-973C-56A29780D367}.Release|Any CPU.ActiveCfg = Release|Any CPU
		{CE70A71A-6647-4C66-973C-56A29780D367}.Release|Any CPU.Build.0 = Release|Any CPU
		{190970EA-CAAA-4975-96F7-46DC4EBD8C13}.Debug|Any CPU.ActiveCfg = Debug|Any CPU
		{190970EA-CAAA-4975-96F7-46DC4EBD8C13}.Debug|Any CPU.Build.0 = Debug|Any CPU
		{190970EA-CAAA-4975-96F7-46DC4EBD8C13}.Development|Any CPU.ActiveCfg = Debug|Any CPU
		{190970EA-CAAA-4975-96F7-46DC4EBD8C13}.Development|Any CPU.Build.0 = Debug|Any CPU
		{190970EA-CAAA-4975-96F7-46DC4EBD8C13}.inl-dev|Any CPU.ActiveCfg = inl-dev|Any CPU
		{190970EA-CAAA-4975-96F7-46DC4EBD8C13}.inl-dev|Any CPU.Build.0 = inl-dev|Any CPU
		{190970EA-CAAA-4975-96F7-46DC4EBD8C13}.inl-production|Any CPU.ActiveCfg = inl-production|Any CPU
		{190970EA-CAAA-4975-96F7-46DC4EBD8C13}.inl-production|Any CPU.Build.0 = inl-production|Any CPU
		{190970EA-CAAA-4975-96F7-46DC4EBD8C13}.inl-test|Any CPU.ActiveCfg = inl-test|Any CPU
		{190970EA-CAAA-4975-96F7-46DC4EBD8C13}.inl-test|Any CPU.Build.0 = inl-test|Any CPU
		{190970EA-CAAA-4975-96F7-46DC4EBD8C13}.inl-uat|Any CPU.ActiveCfg = inl-uat|Any CPU
		{190970EA-CAAA-4975-96F7-46DC4EBD8C13}.inl-uat|Any CPU.Build.0 = inl-uat|Any CPU
		{190970EA-CAAA-4975-96F7-46DC4EBD8C13}.Release|Any CPU.ActiveCfg = Release|Any CPU
		{190970EA-CAAA-4975-96F7-46DC4EBD8C13}.Release|Any CPU.Build.0 = Release|Any CPU
		{A417BEEA-7DF0-49D3-BCC2-40C5F9CCEB0D}.Debug|Any CPU.ActiveCfg = Debug|Any CPU
		{A417BEEA-7DF0-49D3-BCC2-40C5F9CCEB0D}.Debug|Any CPU.Build.0 = Debug|Any CPU
		{A417BEEA-7DF0-49D3-BCC2-40C5F9CCEB0D}.Development|Any CPU.ActiveCfg = Debug|Any CPU
		{A417BEEA-7DF0-49D3-BCC2-40C5F9CCEB0D}.Development|Any CPU.Build.0 = Debug|Any CPU
		{A417BEEA-7DF0-49D3-BCC2-40C5F9CCEB0D}.inl-dev|Any CPU.ActiveCfg = inl-dev|Any CPU
		{A417BEEA-7DF0-49D3-BCC2-40C5F9CCEB0D}.inl-dev|Any CPU.Build.0 = inl-dev|Any CPU
		{A417BEEA-7DF0-49D3-BCC2-40C5F9CCEB0D}.inl-production|Any CPU.ActiveCfg = inl-production|Any CPU
		{A417BEEA-7DF0-49D3-BCC2-40C5F9CCEB0D}.inl-production|Any CPU.Build.0 = inl-production|Any CPU
		{A417BEEA-7DF0-49D3-BCC2-40C5F9CCEB0D}.inl-test|Any CPU.ActiveCfg = inl-test|Any CPU
		{A417BEEA-7DF0-49D3-BCC2-40C5F9CCEB0D}.inl-test|Any CPU.Build.0 = inl-test|Any CPU
		{A417BEEA-7DF0-49D3-BCC2-40C5F9CCEB0D}.inl-uat|Any CPU.ActiveCfg = inl-uat|Any CPU
		{A417BEEA-7DF0-49D3-BCC2-40C5F9CCEB0D}.inl-uat|Any CPU.Build.0 = inl-uat|Any CPU
		{A417BEEA-7DF0-49D3-BCC2-40C5F9CCEB0D}.Release|Any CPU.ActiveCfg = Release|Any CPU
		{A417BEEA-7DF0-49D3-BCC2-40C5F9CCEB0D}.Release|Any CPU.Build.0 = Release|Any CPU
		{BD4248A1-B4F8-47F4-9917-8C58171B51AB}.Debug|Any CPU.ActiveCfg = Debug|Any CPU
		{BD4248A1-B4F8-47F4-9917-8C58171B51AB}.Debug|Any CPU.Build.0 = Debug|Any CPU
		{BD4248A1-B4F8-47F4-9917-8C58171B51AB}.Development|Any CPU.ActiveCfg = Debug|Any CPU
		{BD4248A1-B4F8-47F4-9917-8C58171B51AB}.Development|Any CPU.Build.0 = Debug|Any CPU
		{BD4248A1-B4F8-47F4-9917-8C58171B51AB}.inl-dev|Any CPU.ActiveCfg = inl-dev|Any CPU
		{BD4248A1-B4F8-47F4-9917-8C58171B51AB}.inl-dev|Any CPU.Build.0 = inl-dev|Any CPU
		{BD4248A1-B4F8-47F4-9917-8C58171B51AB}.inl-production|Any CPU.ActiveCfg = inl-production|Any CPU
		{BD4248A1-B4F8-47F4-9917-8C58171B51AB}.inl-production|Any CPU.Build.0 = inl-production|Any CPU
		{BD4248A1-B4F8-47F4-9917-8C58171B51AB}.inl-test|Any CPU.ActiveCfg = inl-test|Any CPU
		{BD4248A1-B4F8-47F4-9917-8C58171B51AB}.inl-test|Any CPU.Build.0 = inl-test|Any CPU
		{BD4248A1-B4F8-47F4-9917-8C58171B51AB}.inl-uat|Any CPU.ActiveCfg = inl-uat|Any CPU
		{BD4248A1-B4F8-47F4-9917-8C58171B51AB}.inl-uat|Any CPU.Build.0 = inl-uat|Any CPU
		{BD4248A1-B4F8-47F4-9917-8C58171B51AB}.Release|Any CPU.ActiveCfg = Release|Any CPU
		{BD4248A1-B4F8-47F4-9917-8C58171B51AB}.Release|Any CPU.Build.0 = Release|Any CPU
		{61B5DEB7-73E4-48F2-A0D0-F99FC9AA7C75}.Debug|Any CPU.ActiveCfg = Debug|Any CPU
		{61B5DEB7-73E4-48F2-A0D0-F99FC9AA7C75}.Debug|Any CPU.Build.0 = Debug|Any CPU
		{61B5DEB7-73E4-48F2-A0D0-F99FC9AA7C75}.Development|Any CPU.ActiveCfg = Debug|Any CPU
		{61B5DEB7-73E4-48F2-A0D0-F99FC9AA7C75}.Development|Any CPU.Build.0 = Debug|Any CPU
		{61B5DEB7-73E4-48F2-A0D0-F99FC9AA7C75}.inl-dev|Any CPU.ActiveCfg = inl-dev|Any CPU
		{61B5DEB7-73E4-48F2-A0D0-F99FC9AA7C75}.inl-dev|Any CPU.Build.0 = inl-dev|Any CPU
		{61B5DEB7-73E4-48F2-A0D0-F99FC9AA7C75}.inl-production|Any CPU.ActiveCfg = inl-production|Any CPU
		{61B5DEB7-73E4-48F2-A0D0-F99FC9AA7C75}.inl-production|Any CPU.Build.0 = inl-production|Any CPU
		{61B5DEB7-73E4-48F2-A0D0-F99FC9AA7C75}.inl-test|Any CPU.ActiveCfg = inl-test|Any CPU
		{61B5DEB7-73E4-48F2-A0D0-F99FC9AA7C75}.inl-test|Any CPU.Build.0 = inl-test|Any CPU
		{61B5DEB7-73E4-48F2-A0D0-F99FC9AA7C75}.inl-uat|Any CPU.ActiveCfg = inl-uat|Any CPU
		{61B5DEB7-73E4-48F2-A0D0-F99FC9AA7C75}.inl-uat|Any CPU.Build.0 = inl-uat|Any CPU
		{61B5DEB7-73E4-48F2-A0D0-F99FC9AA7C75}.Release|Any CPU.ActiveCfg = Release|Any CPU
		{61B5DEB7-73E4-48F2-A0D0-F99FC9AA7C75}.Release|Any CPU.Build.0 = Release|Any CPU
		{21EEF40A-CBCD-4C9E-ACA1-6363EEB39393}.Debug|Any CPU.ActiveCfg = Debug|Any CPU
		{21EEF40A-CBCD-4C9E-ACA1-6363EEB39393}.Debug|Any CPU.Build.0 = Debug|Any CPU
		{21EEF40A-CBCD-4C9E-ACA1-6363EEB39393}.Development|Any CPU.ActiveCfg = Debug|Any CPU
		{21EEF40A-CBCD-4C9E-ACA1-6363EEB39393}.Development|Any CPU.Build.0 = Debug|Any CPU
		{21EEF40A-CBCD-4C9E-ACA1-6363EEB39393}.inl-dev|Any CPU.ActiveCfg = inl-dev|Any CPU
		{21EEF40A-CBCD-4C9E-ACA1-6363EEB39393}.inl-dev|Any CPU.Build.0 = inl-dev|Any CPU
		{21EEF40A-CBCD-4C9E-ACA1-6363EEB39393}.inl-production|Any CPU.ActiveCfg = inl-production|Any CPU
		{21EEF40A-CBCD-4C9E-ACA1-6363EEB39393}.inl-production|Any CPU.Build.0 = inl-production|Any CPU
		{21EEF40A-CBCD-4C9E-ACA1-6363EEB39393}.inl-test|Any CPU.ActiveCfg = inl-test|Any CPU
		{21EEF40A-CBCD-4C9E-ACA1-6363EEB39393}.inl-test|Any CPU.Build.0 = inl-test|Any CPU
		{21EEF40A-CBCD-4C9E-ACA1-6363EEB39393}.inl-uat|Any CPU.ActiveCfg = inl-uat|Any CPU
		{21EEF40A-CBCD-4C9E-ACA1-6363EEB39393}.inl-uat|Any CPU.Build.0 = inl-uat|Any CPU
		{21EEF40A-CBCD-4C9E-ACA1-6363EEB39393}.Release|Any CPU.ActiveCfg = Release|Any CPU
		{21EEF40A-CBCD-4C9E-ACA1-6363EEB39393}.Release|Any CPU.Build.0 = Release|Any CPU
		{59511149-F50A-4EB7-BC7F-8EC789CFB203}.Debug|Any CPU.ActiveCfg = Debug|Any CPU
		{59511149-F50A-4EB7-BC7F-8EC789CFB203}.Debug|Any CPU.Build.0 = Debug|Any CPU
		{59511149-F50A-4EB7-BC7F-8EC789CFB203}.Development|Any CPU.ActiveCfg = Debug|Any CPU
		{59511149-F50A-4EB7-BC7F-8EC789CFB203}.Development|Any CPU.Build.0 = Debug|Any CPU
		{59511149-F50A-4EB7-BC7F-8EC789CFB203}.inl-dev|Any CPU.ActiveCfg = inl-dev|Any CPU
		{59511149-F50A-4EB7-BC7F-8EC789CFB203}.inl-dev|Any CPU.Build.0 = inl-dev|Any CPU
		{59511149-F50A-4EB7-BC7F-8EC789CFB203}.inl-production|Any CPU.ActiveCfg = inl-production|Any CPU
		{59511149-F50A-4EB7-BC7F-8EC789CFB203}.inl-production|Any CPU.Build.0 = inl-production|Any CPU
		{59511149-F50A-4EB7-BC7F-8EC789CFB203}.inl-test|Any CPU.ActiveCfg = inl-test|Any CPU
		{59511149-F50A-4EB7-BC7F-8EC789CFB203}.inl-test|Any CPU.Build.0 = inl-test|Any CPU
		{59511149-F50A-4EB7-BC7F-8EC789CFB203}.inl-uat|Any CPU.ActiveCfg = inl-uat|Any CPU
		{59511149-F50A-4EB7-BC7F-8EC789CFB203}.inl-uat|Any CPU.Build.0 = inl-uat|Any CPU
		{59511149-F50A-4EB7-BC7F-8EC789CFB203}.Release|Any CPU.ActiveCfg = Release|Any CPU
		{59511149-F50A-4EB7-BC7F-8EC789CFB203}.Release|Any CPU.Build.0 = Release|Any CPU
		{0B9AB8E2-2B1B-4F85-8B0D-7458B57FDD04}.Debug|Any CPU.ActiveCfg = Debug|Any CPU
		{0B9AB8E2-2B1B-4F85-8B0D-7458B57FDD04}.Debug|Any CPU.Build.0 = Debug|Any CPU
		{0B9AB8E2-2B1B-4F85-8B0D-7458B57FDD04}.Development|Any CPU.ActiveCfg = Debug|Any CPU
		{0B9AB8E2-2B1B-4F85-8B0D-7458B57FDD04}.Development|Any CPU.Build.0 = Debug|Any CPU
		{0B9AB8E2-2B1B-4F85-8B0D-7458B57FDD04}.inl-dev|Any CPU.ActiveCfg = inl-dev|Any CPU
		{0B9AB8E2-2B1B-4F85-8B0D-7458B57FDD04}.inl-dev|Any CPU.Build.0 = inl-dev|Any CPU
		{0B9AB8E2-2B1B-4F85-8B0D-7458B57FDD04}.inl-production|Any CPU.ActiveCfg = inl-production|Any CPU
		{0B9AB8E2-2B1B-4F85-8B0D-7458B57FDD04}.inl-production|Any CPU.Build.0 = inl-production|Any CPU
		{0B9AB8E2-2B1B-4F85-8B0D-7458B57FDD04}.inl-test|Any CPU.ActiveCfg = inl-test|Any CPU
		{0B9AB8E2-2B1B-4F85-8B0D-7458B57FDD04}.inl-test|Any CPU.Build.0 = inl-test|Any CPU
		{0B9AB8E2-2B1B-4F85-8B0D-7458B57FDD04}.inl-uat|Any CPU.ActiveCfg = inl-uat|Any CPU
		{0B9AB8E2-2B1B-4F85-8B0D-7458B57FDD04}.inl-uat|Any CPU.Build.0 = inl-uat|Any CPU
		{0B9AB8E2-2B1B-4F85-8B0D-7458B57FDD04}.Release|Any CPU.ActiveCfg = Release|Any CPU
		{0B9AB8E2-2B1B-4F85-8B0D-7458B57FDD04}.Release|Any CPU.Build.0 = Release|Any CPU
		{CC2E7416-284D-4FE8-AD18-E71E56138FC2}.Debug|Any CPU.ActiveCfg = Debug|Any CPU
		{CC2E7416-284D-4FE8-AD18-E71E56138FC2}.Debug|Any CPU.Build.0 = Debug|Any CPU
		{CC2E7416-284D-4FE8-AD18-E71E56138FC2}.Development|Any CPU.ActiveCfg = Debug|Any CPU
		{CC2E7416-284D-4FE8-AD18-E71E56138FC2}.Development|Any CPU.Build.0 = Debug|Any CPU
		{CC2E7416-284D-4FE8-AD18-E71E56138FC2}.inl-dev|Any CPU.ActiveCfg = inl-dev|Any CPU
		{CC2E7416-284D-4FE8-AD18-E71E56138FC2}.inl-dev|Any CPU.Build.0 = inl-dev|Any CPU
		{CC2E7416-284D-4FE8-AD18-E71E56138FC2}.inl-production|Any CPU.ActiveCfg = inl-production|Any CPU
		{CC2E7416-284D-4FE8-AD18-E71E56138FC2}.inl-production|Any CPU.Build.0 = inl-production|Any CPU
		{CC2E7416-284D-4FE8-AD18-E71E56138FC2}.inl-test|Any CPU.ActiveCfg = inl-test|Any CPU
		{CC2E7416-284D-4FE8-AD18-E71E56138FC2}.inl-test|Any CPU.Build.0 = inl-test|Any CPU
		{CC2E7416-284D-4FE8-AD18-E71E56138FC2}.inl-uat|Any CPU.ActiveCfg = inl-uat|Any CPU
		{CC2E7416-284D-4FE8-AD18-E71E56138FC2}.inl-uat|Any CPU.Build.0 = inl-uat|Any CPU
		{CC2E7416-284D-4FE8-AD18-E71E56138FC2}.Release|Any CPU.ActiveCfg = Release|Any CPU
		{CC2E7416-284D-4FE8-AD18-E71E56138FC2}.Release|Any CPU.Build.0 = Release|Any CPU
		{11B83615-981F-4679-B0C0-54C0FFD86062}.Debug|Any CPU.ActiveCfg = Debug|Any CPU
		{11B83615-981F-4679-B0C0-54C0FFD86062}.Debug|Any CPU.Build.0 = Debug|Any CPU
		{11B83615-981F-4679-B0C0-54C0FFD86062}.Development|Any CPU.ActiveCfg = Debug|Any CPU
		{11B83615-981F-4679-B0C0-54C0FFD86062}.Development|Any CPU.Build.0 = Debug|Any CPU
		{11B83615-981F-4679-B0C0-54C0FFD86062}.inl-dev|Any CPU.ActiveCfg = inl-dev|Any CPU
		{11B83615-981F-4679-B0C0-54C0FFD86062}.inl-dev|Any CPU.Build.0 = inl-dev|Any CPU
		{11B83615-981F-4679-B0C0-54C0FFD86062}.inl-production|Any CPU.ActiveCfg = inl-production|Any CPU
		{11B83615-981F-4679-B0C0-54C0FFD86062}.inl-production|Any CPU.Build.0 = inl-production|Any CPU
		{11B83615-981F-4679-B0C0-54C0FFD86062}.inl-test|Any CPU.ActiveCfg = inl-test|Any CPU
		{11B83615-981F-4679-B0C0-54C0FFD86062}.inl-test|Any CPU.Build.0 = inl-test|Any CPU
		{11B83615-981F-4679-B0C0-54C0FFD86062}.inl-uat|Any CPU.ActiveCfg = inl-uat|Any CPU
		{11B83615-981F-4679-B0C0-54C0FFD86062}.inl-uat|Any CPU.Build.0 = inl-uat|Any CPU
		{11B83615-981F-4679-B0C0-54C0FFD86062}.Release|Any CPU.ActiveCfg = Release|Any CPU
		{11B83615-981F-4679-B0C0-54C0FFD86062}.Release|Any CPU.Build.0 = Release|Any CPU
		{6C53BD85-90AC-441A-8F8A-3829D19A1371}.Debug|Any CPU.ActiveCfg = Debug|Any CPU
		{6C53BD85-90AC-441A-8F8A-3829D19A1371}.Debug|Any CPU.Build.0 = Debug|Any CPU
		{6C53BD85-90AC-441A-8F8A-3829D19A1371}.Development|Any CPU.ActiveCfg = Debug|Any CPU
		{6C53BD85-90AC-441A-8F8A-3829D19A1371}.Development|Any CPU.Build.0 = Debug|Any CPU
		{6C53BD85-90AC-441A-8F8A-3829D19A1371}.inl-dev|Any CPU.ActiveCfg = inl-dev|Any CPU
		{6C53BD85-90AC-441A-8F8A-3829D19A1371}.inl-dev|Any CPU.Build.0 = inl-dev|Any CPU
		{6C53BD85-90AC-441A-8F8A-3829D19A1371}.inl-production|Any CPU.ActiveCfg = inl-production|Any CPU
		{6C53BD85-90AC-441A-8F8A-3829D19A1371}.inl-production|Any CPU.Build.0 = inl-production|Any CPU
		{6C53BD85-90AC-441A-8F8A-3829D19A1371}.inl-test|Any CPU.ActiveCfg = inl-test|Any CPU
		{6C53BD85-90AC-441A-8F8A-3829D19A1371}.inl-test|Any CPU.Build.0 = inl-test|Any CPU
		{6C53BD85-90AC-441A-8F8A-3829D19A1371}.inl-uat|Any CPU.ActiveCfg = inl-uat|Any CPU
		{6C53BD85-90AC-441A-8F8A-3829D19A1371}.inl-uat|Any CPU.Build.0 = inl-uat|Any CPU
		{6C53BD85-90AC-441A-8F8A-3829D19A1371}.Release|Any CPU.ActiveCfg = Release|Any CPU
		{6C53BD85-90AC-441A-8F8A-3829D19A1371}.Release|Any CPU.Build.0 = Release|Any CPU
		{836A9B82-8163-43A8-9A34-F6552326B0FC}.Debug|Any CPU.ActiveCfg = Debug|Any CPU
		{836A9B82-8163-43A8-9A34-F6552326B0FC}.Debug|Any CPU.Build.0 = Debug|Any CPU
		{836A9B82-8163-43A8-9A34-F6552326B0FC}.Development|Any CPU.ActiveCfg = Debug|Any CPU
		{836A9B82-8163-43A8-9A34-F6552326B0FC}.Development|Any CPU.Build.0 = Debug|Any CPU
		{836A9B82-8163-43A8-9A34-F6552326B0FC}.inl-dev|Any CPU.ActiveCfg = inl-dev|Any CPU
		{836A9B82-8163-43A8-9A34-F6552326B0FC}.inl-dev|Any CPU.Build.0 = inl-dev|Any CPU
		{836A9B82-8163-43A8-9A34-F6552326B0FC}.inl-production|Any CPU.ActiveCfg = inl-production|Any CPU
		{836A9B82-8163-43A8-9A34-F6552326B0FC}.inl-production|Any CPU.Build.0 = inl-production|Any CPU
		{836A9B82-8163-43A8-9A34-F6552326B0FC}.inl-test|Any CPU.ActiveCfg = inl-test|Any CPU
		{836A9B82-8163-43A8-9A34-F6552326B0FC}.inl-test|Any CPU.Build.0 = inl-test|Any CPU
		{836A9B82-8163-43A8-9A34-F6552326B0FC}.inl-uat|Any CPU.ActiveCfg = inl-uat|Any CPU
		{836A9B82-8163-43A8-9A34-F6552326B0FC}.inl-uat|Any CPU.Build.0 = inl-uat|Any CPU
		{836A9B82-8163-43A8-9A34-F6552326B0FC}.Release|Any CPU.ActiveCfg = Release|Any CPU
		{836A9B82-8163-43A8-9A34-F6552326B0FC}.Release|Any CPU.Build.0 = Release|Any CPU
		{191E9F1A-D880-4B46-B93F-436F352CABDB}.Debug|Any CPU.ActiveCfg = Debug|Any CPU
		{191E9F1A-D880-4B46-B93F-436F352CABDB}.Debug|Any CPU.Build.0 = Debug|Any CPU
		{191E9F1A-D880-4B46-B93F-436F352CABDB}.Development|Any CPU.ActiveCfg = Debug|Any CPU
		{191E9F1A-D880-4B46-B93F-436F352CABDB}.Development|Any CPU.Build.0 = Debug|Any CPU
		{191E9F1A-D880-4B46-B93F-436F352CABDB}.inl-dev|Any CPU.ActiveCfg = inl-dev|Any CPU
		{191E9F1A-D880-4B46-B93F-436F352CABDB}.inl-dev|Any CPU.Build.0 = inl-dev|Any CPU
		{191E9F1A-D880-4B46-B93F-436F352CABDB}.inl-production|Any CPU.ActiveCfg = inl-production|Any CPU
		{191E9F1A-D880-4B46-B93F-436F352CABDB}.inl-production|Any CPU.Build.0 = inl-production|Any CPU
		{191E9F1A-D880-4B46-B93F-436F352CABDB}.inl-test|Any CPU.ActiveCfg = inl-test|Any CPU
		{191E9F1A-D880-4B46-B93F-436F352CABDB}.inl-test|Any CPU.Build.0 = inl-test|Any CPU
		{191E9F1A-D880-4B46-B93F-436F352CABDB}.inl-uat|Any CPU.ActiveCfg = inl-uat|Any CPU
		{191E9F1A-D880-4B46-B93F-436F352CABDB}.inl-uat|Any CPU.Build.0 = inl-uat|Any CPU
		{191E9F1A-D880-4B46-B93F-436F352CABDB}.Release|Any CPU.ActiveCfg = Release|Any CPU
		{191E9F1A-D880-4B46-B93F-436F352CABDB}.Release|Any CPU.Build.0 = Release|Any CPU
		{BC56077B-2532-4C81-9524-E4D6A33A951A}.Debug|Any CPU.ActiveCfg = Debug|Any CPU
		{BC56077B-2532-4C81-9524-E4D6A33A951A}.Debug|Any CPU.Build.0 = Debug|Any CPU
		{BC56077B-2532-4C81-9524-E4D6A33A951A}.Development|Any CPU.ActiveCfg = Debug|Any CPU
		{BC56077B-2532-4C81-9524-E4D6A33A951A}.Development|Any CPU.Build.0 = Debug|Any CPU
		{BC56077B-2532-4C81-9524-E4D6A33A951A}.inl-dev|Any CPU.ActiveCfg = inl-dev|Any CPU
		{BC56077B-2532-4C81-9524-E4D6A33A951A}.inl-dev|Any CPU.Build.0 = inl-dev|Any CPU
		{BC56077B-2532-4C81-9524-E4D6A33A951A}.inl-production|Any CPU.ActiveCfg = inl-production|Any CPU
		{BC56077B-2532-4C81-9524-E4D6A33A951A}.inl-production|Any CPU.Build.0 = inl-production|Any CPU
		{BC56077B-2532-4C81-9524-E4D6A33A951A}.inl-test|Any CPU.ActiveCfg = inl-test|Any CPU
		{BC56077B-2532-4C81-9524-E4D6A33A951A}.inl-test|Any CPU.Build.0 = inl-test|Any CPU
		{BC56077B-2532-4C81-9524-E4D6A33A951A}.inl-uat|Any CPU.ActiveCfg = inl-uat|Any CPU
		{BC56077B-2532-4C81-9524-E4D6A33A951A}.inl-uat|Any CPU.Build.0 = inl-uat|Any CPU
		{BC56077B-2532-4C81-9524-E4D6A33A951A}.Release|Any CPU.ActiveCfg = Release|Any CPU
		{BC56077B-2532-4C81-9524-E4D6A33A951A}.Release|Any CPU.Build.0 = Release|Any CPU
		{E4536849-E8F4-452B-99D9-BE1480B52928}.Debug|Any CPU.ActiveCfg = Debug|Any CPU
		{E4536849-E8F4-452B-99D9-BE1480B52928}.Debug|Any CPU.Build.0 = Debug|Any CPU
		{E4536849-E8F4-452B-99D9-BE1480B52928}.Development|Any CPU.ActiveCfg = Debug|Any CPU
		{E4536849-E8F4-452B-99D9-BE1480B52928}.Development|Any CPU.Build.0 = Debug|Any CPU
		{E4536849-E8F4-452B-99D9-BE1480B52928}.inl-dev|Any CPU.ActiveCfg = inl-dev|Any CPU
		{E4536849-E8F4-452B-99D9-BE1480B52928}.inl-dev|Any CPU.Build.0 = inl-dev|Any CPU
		{E4536849-E8F4-452B-99D9-BE1480B52928}.inl-production|Any CPU.ActiveCfg = inl-production|Any CPU
		{E4536849-E8F4-452B-99D9-BE1480B52928}.inl-production|Any CPU.Build.0 = inl-production|Any CPU
		{E4536849-E8F4-452B-99D9-BE1480B52928}.inl-test|Any CPU.ActiveCfg = inl-test|Any CPU
		{E4536849-E8F4-452B-99D9-BE1480B52928}.inl-test|Any CPU.Build.0 = inl-test|Any CPU
		{E4536849-E8F4-452B-99D9-BE1480B52928}.inl-uat|Any CPU.ActiveCfg = inl-uat|Any CPU
		{E4536849-E8F4-452B-99D9-BE1480B52928}.inl-uat|Any CPU.Build.0 = inl-uat|Any CPU
		{E4536849-E8F4-452B-99D9-BE1480B52928}.Release|Any CPU.ActiveCfg = Release|Any CPU
		{E4536849-E8F4-452B-99D9-BE1480B52928}.Release|Any CPU.Build.0 = Release|Any CPU
		{960ED9D4-2E1C-408D-A0A9-CB113BD55D7F}.Debug|Any CPU.ActiveCfg = Debug|Any CPU
		{960ED9D4-2E1C-408D-A0A9-CB113BD55D7F}.Debug|Any CPU.Build.0 = Debug|Any CPU
		{960ED9D4-2E1C-408D-A0A9-CB113BD55D7F}.Development|Any CPU.ActiveCfg = Debug|Any CPU
		{960ED9D4-2E1C-408D-A0A9-CB113BD55D7F}.Development|Any CPU.Build.0 = Debug|Any CPU
		{960ED9D4-2E1C-408D-A0A9-CB113BD55D7F}.inl-dev|Any CPU.ActiveCfg = inl-dev|Any CPU
		{960ED9D4-2E1C-408D-A0A9-CB113BD55D7F}.inl-dev|Any CPU.Build.0 = inl-dev|Any CPU
		{960ED9D4-2E1C-408D-A0A9-CB113BD55D7F}.inl-production|Any CPU.ActiveCfg = inl-production|Any CPU
		{960ED9D4-2E1C-408D-A0A9-CB113BD55D7F}.inl-production|Any CPU.Build.0 = inl-production|Any CPU
		{960ED9D4-2E1C-408D-A0A9-CB113BD55D7F}.inl-test|Any CPU.ActiveCfg = inl-test|Any CPU
		{960ED9D4-2E1C-408D-A0A9-CB113BD55D7F}.inl-test|Any CPU.Build.0 = inl-test|Any CPU
		{960ED9D4-2E1C-408D-A0A9-CB113BD55D7F}.inl-uat|Any CPU.ActiveCfg = inl-uat|Any CPU
		{960ED9D4-2E1C-408D-A0A9-CB113BD55D7F}.inl-uat|Any CPU.Build.0 = inl-uat|Any CPU
		{960ED9D4-2E1C-408D-A0A9-CB113BD55D7F}.Release|Any CPU.ActiveCfg = Release|Any CPU
		{960ED9D4-2E1C-408D-A0A9-CB113BD55D7F}.Release|Any CPU.Build.0 = Release|Any CPU
		{D999D0A3-FA07-4173-9577-DDFAA014E20C}.Debug|Any CPU.ActiveCfg = Debug|Any CPU
		{D999D0A3-FA07-4173-9577-DDFAA014E20C}.Debug|Any CPU.Build.0 = Debug|Any CPU
		{D999D0A3-FA07-4173-9577-DDFAA014E20C}.Development|Any CPU.ActiveCfg = Debug|Any CPU
		{D999D0A3-FA07-4173-9577-DDFAA014E20C}.Development|Any CPU.Build.0 = Debug|Any CPU
		{D999D0A3-FA07-4173-9577-DDFAA014E20C}.inl-dev|Any CPU.ActiveCfg = inl-dev|Any CPU
		{D999D0A3-FA07-4173-9577-DDFAA014E20C}.inl-dev|Any CPU.Build.0 = inl-dev|Any CPU
		{D999D0A3-FA07-4173-9577-DDFAA014E20C}.inl-production|Any CPU.ActiveCfg = inl-production|Any CPU
		{D999D0A3-FA07-4173-9577-DDFAA014E20C}.inl-production|Any CPU.Build.0 = inl-production|Any CPU
		{D999D0A3-FA07-4173-9577-DDFAA014E20C}.inl-test|Any CPU.ActiveCfg = inl-test|Any CPU
		{D999D0A3-FA07-4173-9577-DDFAA014E20C}.inl-test|Any CPU.Build.0 = inl-test|Any CPU
		{D999D0A3-FA07-4173-9577-DDFAA014E20C}.inl-uat|Any CPU.ActiveCfg = inl-uat|Any CPU
		{D999D0A3-FA07-4173-9577-DDFAA014E20C}.inl-uat|Any CPU.Build.0 = inl-uat|Any CPU
		{D999D0A3-FA07-4173-9577-DDFAA014E20C}.Release|Any CPU.ActiveCfg = Release|Any CPU
		{D999D0A3-FA07-4173-9577-DDFAA014E20C}.Release|Any CPU.Build.0 = Release|Any CPU
		{3353507D-55AB-411A-AC27-E210CB7780C5}.Debug|Any CPU.ActiveCfg = Debug|Any CPU
		{3353507D-55AB-411A-AC27-E210CB7780C5}.Debug|Any CPU.Build.0 = Debug|Any CPU
		{3353507D-55AB-411A-AC27-E210CB7780C5}.Development|Any CPU.ActiveCfg = Debug|Any CPU
		{3353507D-55AB-411A-AC27-E210CB7780C5}.Development|Any CPU.Build.0 = Debug|Any CPU
		{3353507D-55AB-411A-AC27-E210CB7780C5}.inl-dev|Any CPU.ActiveCfg = inl-dev|Any CPU
		{3353507D-55AB-411A-AC27-E210CB7780C5}.inl-dev|Any CPU.Build.0 = inl-dev|Any CPU
		{3353507D-55AB-411A-AC27-E210CB7780C5}.inl-production|Any CPU.ActiveCfg = inl-production|Any CPU
		{3353507D-55AB-411A-AC27-E210CB7780C5}.inl-production|Any CPU.Build.0 = inl-production|Any CPU
		{3353507D-55AB-411A-AC27-E210CB7780C5}.inl-test|Any CPU.ActiveCfg = inl-test|Any CPU
		{3353507D-55AB-411A-AC27-E210CB7780C5}.inl-test|Any CPU.Build.0 = inl-test|Any CPU
		{3353507D-55AB-411A-AC27-E210CB7780C5}.inl-uat|Any CPU.ActiveCfg = inl-uat|Any CPU
		{3353507D-55AB-411A-AC27-E210CB7780C5}.inl-uat|Any CPU.Build.0 = inl-uat|Any CPU
		{3353507D-55AB-411A-AC27-E210CB7780C5}.Release|Any CPU.ActiveCfg = Release|Any CPU
		{3353507D-55AB-411A-AC27-E210CB7780C5}.Release|Any CPU.Build.0 = Release|Any CPU
		{47A5B206-EE52-4611-8059-88948F54ADBC}.Debug|Any CPU.ActiveCfg = Debug|Any CPU
		{47A5B206-EE52-4611-8059-88948F54ADBC}.Debug|Any CPU.Build.0 = Debug|Any CPU
		{47A5B206-EE52-4611-8059-88948F54ADBC}.Development|Any CPU.ActiveCfg = Debug|Any CPU
		{47A5B206-EE52-4611-8059-88948F54ADBC}.Development|Any CPU.Build.0 = Debug|Any CPU
		{47A5B206-EE52-4611-8059-88948F54ADBC}.inl-dev|Any CPU.ActiveCfg = inl-dev|Any CPU
		{47A5B206-EE52-4611-8059-88948F54ADBC}.inl-dev|Any CPU.Build.0 = inl-dev|Any CPU
		{47A5B206-EE52-4611-8059-88948F54ADBC}.inl-production|Any CPU.ActiveCfg = inl-production|Any CPU
		{47A5B206-EE52-4611-8059-88948F54ADBC}.inl-production|Any CPU.Build.0 = inl-production|Any CPU
		{47A5B206-EE52-4611-8059-88948F54ADBC}.inl-test|Any CPU.ActiveCfg = inl-test|Any CPU
		{47A5B206-EE52-4611-8059-88948F54ADBC}.inl-test|Any CPU.Build.0 = inl-test|Any CPU
		{47A5B206-EE52-4611-8059-88948F54ADBC}.inl-uat|Any CPU.ActiveCfg = inl-uat|Any CPU
		{47A5B206-EE52-4611-8059-88948F54ADBC}.inl-uat|Any CPU.Build.0 = inl-uat|Any CPU
		{47A5B206-EE52-4611-8059-88948F54ADBC}.Release|Any CPU.ActiveCfg = Release|Any CPU
		{47A5B206-EE52-4611-8059-88948F54ADBC}.Release|Any CPU.Build.0 = Release|Any CPU
		{7C7DDF00-4B3F-4B19-919E-B2791ECF79B7}.Debug|Any CPU.ActiveCfg = Debug|Any CPU
		{7C7DDF00-4B3F-4B19-919E-B2791ECF79B7}.Debug|Any CPU.Build.0 = Debug|Any CPU
		{7C7DDF00-4B3F-4B19-919E-B2791ECF79B7}.Development|Any CPU.ActiveCfg = Debug|Any CPU
		{7C7DDF00-4B3F-4B19-919E-B2791ECF79B7}.Development|Any CPU.Build.0 = Debug|Any CPU
		{7C7DDF00-4B3F-4B19-919E-B2791ECF79B7}.inl-dev|Any CPU.ActiveCfg = inl-dev|Any CPU
		{7C7DDF00-4B3F-4B19-919E-B2791ECF79B7}.inl-dev|Any CPU.Build.0 = inl-dev|Any CPU
		{7C7DDF00-4B3F-4B19-919E-B2791ECF79B7}.inl-production|Any CPU.ActiveCfg = inl-production|Any CPU
		{7C7DDF00-4B3F-4B19-919E-B2791ECF79B7}.inl-production|Any CPU.Build.0 = inl-production|Any CPU
		{7C7DDF00-4B3F-4B19-919E-B2791ECF79B7}.inl-test|Any CPU.ActiveCfg = inl-test|Any CPU
		{7C7DDF00-4B3F-4B19-919E-B2791ECF79B7}.inl-test|Any CPU.Build.0 = inl-test|Any CPU
		{7C7DDF00-4B3F-4B19-919E-B2791ECF79B7}.inl-uat|Any CPU.ActiveCfg = inl-uat|Any CPU
		{7C7DDF00-4B3F-4B19-919E-B2791ECF79B7}.inl-uat|Any CPU.Build.0 = inl-uat|Any CPU
		{7C7DDF00-4B3F-4B19-919E-B2791ECF79B7}.Release|Any CPU.ActiveCfg = Release|Any CPU
		{7C7DDF00-4B3F-4B19-919E-B2791ECF79B7}.Release|Any CPU.Build.0 = Release|Any CPU
		{A815EB52-3FC6-4C80-9119-1BB1F30A5432}.Debug|Any CPU.ActiveCfg = Debug|Any CPU
		{A815EB52-3FC6-4C80-9119-1BB1F30A5432}.Debug|Any CPU.Build.0 = Debug|Any CPU
		{A815EB52-3FC6-4C80-9119-1BB1F30A5432}.Development|Any CPU.ActiveCfg = Debug|Any CPU
		{A815EB52-3FC6-4C80-9119-1BB1F30A5432}.Development|Any CPU.Build.0 = Debug|Any CPU
		{A815EB52-3FC6-4C80-9119-1BB1F30A5432}.inl-dev|Any CPU.ActiveCfg = inl-dev|Any CPU
		{A815EB52-3FC6-4C80-9119-1BB1F30A5432}.inl-dev|Any CPU.Build.0 = inl-dev|Any CPU
		{A815EB52-3FC6-4C80-9119-1BB1F30A5432}.inl-production|Any CPU.ActiveCfg = inl-production|Any CPU
		{A815EB52-3FC6-4C80-9119-1BB1F30A5432}.inl-production|Any CPU.Build.0 = inl-production|Any CPU
		{A815EB52-3FC6-4C80-9119-1BB1F30A5432}.inl-test|Any CPU.ActiveCfg = inl-test|Any CPU
		{A815EB52-3FC6-4C80-9119-1BB1F30A5432}.inl-test|Any CPU.Build.0 = inl-test|Any CPU
		{A815EB52-3FC6-4C80-9119-1BB1F30A5432}.inl-uat|Any CPU.ActiveCfg = inl-uat|Any CPU
		{A815EB52-3FC6-4C80-9119-1BB1F30A5432}.inl-uat|Any CPU.Build.0 = inl-uat|Any CPU
		{A815EB52-3FC6-4C80-9119-1BB1F30A5432}.Release|Any CPU.ActiveCfg = Release|Any CPU
		{A815EB52-3FC6-4C80-9119-1BB1F30A5432}.Release|Any CPU.Build.0 = Release|Any CPU
		{F94308F0-11A4-4558-82C7-3847789733EC}.Debug|Any CPU.ActiveCfg = Debug|Any CPU
		{F94308F0-11A4-4558-82C7-3847789733EC}.Debug|Any CPU.Build.0 = Debug|Any CPU
		{F94308F0-11A4-4558-82C7-3847789733EC}.Development|Any CPU.ActiveCfg = Debug|Any CPU
		{F94308F0-11A4-4558-82C7-3847789733EC}.Development|Any CPU.Build.0 = Debug|Any CPU
		{F94308F0-11A4-4558-82C7-3847789733EC}.inl-dev|Any CPU.ActiveCfg = inl-dev|Any CPU
		{F94308F0-11A4-4558-82C7-3847789733EC}.inl-dev|Any CPU.Build.0 = inl-dev|Any CPU
		{F94308F0-11A4-4558-82C7-3847789733EC}.inl-production|Any CPU.ActiveCfg = inl-production|Any CPU
		{F94308F0-11A4-4558-82C7-3847789733EC}.inl-production|Any CPU.Build.0 = inl-production|Any CPU
		{F94308F0-11A4-4558-82C7-3847789733EC}.inl-test|Any CPU.ActiveCfg = inl-test|Any CPU
		{F94308F0-11A4-4558-82C7-3847789733EC}.inl-test|Any CPU.Build.0 = inl-test|Any CPU
		{F94308F0-11A4-4558-82C7-3847789733EC}.inl-uat|Any CPU.ActiveCfg = inl-uat|Any CPU
		{F94308F0-11A4-4558-82C7-3847789733EC}.inl-uat|Any CPU.Build.0 = inl-uat|Any CPU
		{F94308F0-11A4-4558-82C7-3847789733EC}.Release|Any CPU.ActiveCfg = Release|Any CPU
		{F94308F0-11A4-4558-82C7-3847789733EC}.Release|Any CPU.Build.0 = Release|Any CPU
		{CA2DDEC9-F20C-4311-8410-56A49EA4BC99}.Debug|Any CPU.ActiveCfg = Debug|Any CPU
		{CA2DDEC9-F20C-4311-8410-56A49EA4BC99}.Debug|Any CPU.Build.0 = Debug|Any CPU
		{CA2DDEC9-F20C-4311-8410-56A49EA4BC99}.Development|Any CPU.ActiveCfg = Debug|Any CPU
		{CA2DDEC9-F20C-4311-8410-56A49EA4BC99}.Development|Any CPU.Build.0 = Debug|Any CPU
		{CA2DDEC9-F20C-4311-8410-56A49EA4BC99}.inl-dev|Any CPU.ActiveCfg = inl-dev|Any CPU
		{CA2DDEC9-F20C-4311-8410-56A49EA4BC99}.inl-dev|Any CPU.Build.0 = inl-dev|Any CPU
		{CA2DDEC9-F20C-4311-8410-56A49EA4BC99}.inl-production|Any CPU.ActiveCfg = inl-production|Any CPU
		{CA2DDEC9-F20C-4311-8410-56A49EA4BC99}.inl-production|Any CPU.Build.0 = inl-production|Any CPU
		{CA2DDEC9-F20C-4311-8410-56A49EA4BC99}.inl-test|Any CPU.ActiveCfg = inl-test|Any CPU
		{CA2DDEC9-F20C-4311-8410-56A49EA4BC99}.inl-test|Any CPU.Build.0 = inl-test|Any CPU
		{CA2DDEC9-F20C-4311-8410-56A49EA4BC99}.inl-uat|Any CPU.ActiveCfg = inl-uat|Any CPU
		{CA2DDEC9-F20C-4311-8410-56A49EA4BC99}.inl-uat|Any CPU.Build.0 = inl-uat|Any CPU
		{CA2DDEC9-F20C-4311-8410-56A49EA4BC99}.Release|Any CPU.ActiveCfg = Release|Any CPU
		{CA2DDEC9-F20C-4311-8410-56A49EA4BC99}.Release|Any CPU.Build.0 = Release|Any CPU
		{9FB7A60E-C7F3-4B3D-A7AA-1D1376C00B83}.Debug|Any CPU.ActiveCfg = Debug|Any CPU
		{9FB7A60E-C7F3-4B3D-A7AA-1D1376C00B83}.Debug|Any CPU.Build.0 = Debug|Any CPU
		{9FB7A60E-C7F3-4B3D-A7AA-1D1376C00B83}.Development|Any CPU.ActiveCfg = Debug|Any CPU
		{9FB7A60E-C7F3-4B3D-A7AA-1D1376C00B83}.Development|Any CPU.Build.0 = Debug|Any CPU
		{9FB7A60E-C7F3-4B3D-A7AA-1D1376C00B83}.inl-dev|Any CPU.ActiveCfg = inl-dev|Any CPU
		{9FB7A60E-C7F3-4B3D-A7AA-1D1376C00B83}.inl-dev|Any CPU.Build.0 = inl-dev|Any CPU
		{9FB7A60E-C7F3-4B3D-A7AA-1D1376C00B83}.inl-production|Any CPU.ActiveCfg = inl-production|Any CPU
		{9FB7A60E-C7F3-4B3D-A7AA-1D1376C00B83}.inl-production|Any CPU.Build.0 = inl-production|Any CPU
		{9FB7A60E-C7F3-4B3D-A7AA-1D1376C00B83}.inl-test|Any CPU.ActiveCfg = inl-test|Any CPU
		{9FB7A60E-C7F3-4B3D-A7AA-1D1376C00B83}.inl-test|Any CPU.Build.0 = inl-test|Any CPU
		{9FB7A60E-C7F3-4B3D-A7AA-1D1376C00B83}.inl-uat|Any CPU.ActiveCfg = inl-uat|Any CPU
		{9FB7A60E-C7F3-4B3D-A7AA-1D1376C00B83}.inl-uat|Any CPU.Build.0 = inl-uat|Any CPU
		{9FB7A60E-C7F3-4B3D-A7AA-1D1376C00B83}.Release|Any CPU.ActiveCfg = Release|Any CPU
		{9FB7A60E-C7F3-4B3D-A7AA-1D1376C00B83}.Release|Any CPU.Build.0 = Release|Any CPU
		{9FB7A60E-C7F3-4B3D-A7AA-1D1376C00B81}.Debug|Any CPU.ActiveCfg = Debug|Any CPU
		{9FB7A60E-C7F3-4B3D-A7AA-1D1376C00B81}.Debug|Any CPU.Build.0 = Debug|Any CPU
		{9FB7A60E-C7F3-4B3D-A7AA-1D1376C00B81}.Development|Any CPU.ActiveCfg = Debug|Any CPU
		{9FB7A60E-C7F3-4B3D-A7AA-1D1376C00B81}.Development|Any CPU.Build.0 = Debug|Any CPU
		{9FB7A60E-C7F3-4B3D-A7AA-1D1376C00B81}.inl-dev|Any CPU.ActiveCfg = inl-dev|Any CPU
		{9FB7A60E-C7F3-4B3D-A7AA-1D1376C00B81}.inl-dev|Any CPU.Build.0 = inl-dev|Any CPU
		{9FB7A60E-C7F3-4B3D-A7AA-1D1376C00B81}.inl-production|Any CPU.ActiveCfg = inl-production|Any CPU
		{9FB7A60E-C7F3-4B3D-A7AA-1D1376C00B81}.inl-production|Any CPU.Build.0 = inl-production|Any CPU
		{9FB7A60E-C7F3-4B3D-A7AA-1D1376C00B81}.inl-test|Any CPU.ActiveCfg = inl-test|Any CPU
		{9FB7A60E-C7F3-4B3D-A7AA-1D1376C00B81}.inl-test|Any CPU.Build.0 = inl-test|Any CPU
		{9FB7A60E-C7F3-4B3D-A7AA-1D1376C00B81}.inl-uat|Any CPU.ActiveCfg = inl-uat|Any CPU
		{9FB7A60E-C7F3-4B3D-A7AA-1D1376C00B81}.inl-uat|Any CPU.Build.0 = inl-uat|Any CPU
		{9FB7A60E-C7F3-4B3D-A7AA-1D1376C00B81}.Release|Any CPU.ActiveCfg = Release|Any CPU
		{9FB7A60E-C7F3-4B3D-A7AA-1D1376C00B81}.Release|Any CPU.Build.0 = Release|Any CPU
		{3932172B-CA04-4A15-9CD3-E5EAFBB17A82}.Debug|Any CPU.ActiveCfg = Debug|Any CPU
		{3932172B-CA04-4A15-9CD3-E5EAFBB17A82}.Debug|Any CPU.Build.0 = Debug|Any CPU
		{3932172B-CA04-4A15-9CD3-E5EAFBB17A82}.Development|Any CPU.ActiveCfg = Debug|Any CPU
		{3932172B-CA04-4A15-9CD3-E5EAFBB17A82}.Development|Any CPU.Build.0 = Debug|Any CPU
		{3932172B-CA04-4A15-9CD3-E5EAFBB17A82}.inl-dev|Any CPU.ActiveCfg = inl-dev|Any CPU
		{3932172B-CA04-4A15-9CD3-E5EAFBB17A82}.inl-dev|Any CPU.Build.0 = inl-dev|Any CPU
		{3932172B-CA04-4A15-9CD3-E5EAFBB17A82}.inl-production|Any CPU.ActiveCfg = inl-production|Any CPU
		{3932172B-CA04-4A15-9CD3-E5EAFBB17A82}.inl-production|Any CPU.Build.0 = inl-production|Any CPU
		{3932172B-CA04-4A15-9CD3-E5EAFBB17A82}.inl-test|Any CPU.ActiveCfg = inl-test|Any CPU
		{3932172B-CA04-4A15-9CD3-E5EAFBB17A82}.inl-test|Any CPU.Build.0 = inl-test|Any CPU
		{3932172B-CA04-4A15-9CD3-E5EAFBB17A82}.inl-uat|Any CPU.ActiveCfg = inl-uat|Any CPU
		{3932172B-CA04-4A15-9CD3-E5EAFBB17A82}.inl-uat|Any CPU.Build.0 = inl-uat|Any CPU
		{3932172B-CA04-4A15-9CD3-E5EAFBB17A82}.Release|Any CPU.ActiveCfg = Release|Any CPU
		{3932172B-CA04-4A15-9CD3-E5EAFBB17A82}.Release|Any CPU.Build.0 = Release|Any CPU
		{D7D10EEA-6B63-4DCD-86AD-DFB90E2FF32C}.Debug|Any CPU.ActiveCfg = Debug|Any CPU
		{D7D10EEA-6B63-4DCD-86AD-DFB90E2FF32C}.Debug|Any CPU.Build.0 = Debug|Any CPU
		{D7D10EEA-6B63-4DCD-86AD-DFB90E2FF32C}.Development|Any CPU.ActiveCfg = Debug|Any CPU
		{D7D10EEA-6B63-4DCD-86AD-DFB90E2FF32C}.Development|Any CPU.Build.0 = Debug|Any CPU
		{D7D10EEA-6B63-4DCD-86AD-DFB90E2FF32C}.inl-dev|Any CPU.ActiveCfg = inl-dev|Any CPU
		{D7D10EEA-6B63-4DCD-86AD-DFB90E2FF32C}.inl-dev|Any CPU.Build.0 = inl-dev|Any CPU
		{D7D10EEA-6B63-4DCD-86AD-DFB90E2FF32C}.inl-production|Any CPU.ActiveCfg = inl-production|Any CPU
		{D7D10EEA-6B63-4DCD-86AD-DFB90E2FF32C}.inl-production|Any CPU.Build.0 = inl-production|Any CPU
		{D7D10EEA-6B63-4DCD-86AD-DFB90E2FF32C}.inl-test|Any CPU.ActiveCfg = inl-test|Any CPU
		{D7D10EEA-6B63-4DCD-86AD-DFB90E2FF32C}.inl-test|Any CPU.Build.0 = inl-test|Any CPU
		{D7D10EEA-6B63-4DCD-86AD-DFB90E2FF32C}.inl-uat|Any CPU.ActiveCfg = inl-uat|Any CPU
		{D7D10EEA-6B63-4DCD-86AD-DFB90E2FF32C}.inl-uat|Any CPU.Build.0 = inl-uat|Any CPU
		{D7D10EEA-6B63-4DCD-86AD-DFB90E2FF32C}.Release|Any CPU.ActiveCfg = Release|Any CPU
		{D7D10EEA-6B63-4DCD-86AD-DFB90E2FF32C}.Release|Any CPU.Build.0 = Release|Any CPU
		{32D8874C-0627-4007-8B12-AD53A723B9B6}.Debug|Any CPU.ActiveCfg = Debug|Any CPU
		{32D8874C-0627-4007-8B12-AD53A723B9B6}.Debug|Any CPU.Build.0 = Debug|Any CPU
		{32D8874C-0627-4007-8B12-AD53A723B9B6}.Development|Any CPU.ActiveCfg = Debug|Any CPU
		{32D8874C-0627-4007-8B12-AD53A723B9B6}.Development|Any CPU.Build.0 = Debug|Any CPU
		{32D8874C-0627-4007-8B12-AD53A723B9B6}.inl-dev|Any CPU.ActiveCfg = inl-dev|Any CPU
		{32D8874C-0627-4007-8B12-AD53A723B9B6}.inl-dev|Any CPU.Build.0 = inl-dev|Any CPU
		{32D8874C-0627-4007-8B12-AD53A723B9B6}.inl-production|Any CPU.ActiveCfg = inl-production|Any CPU
		{32D8874C-0627-4007-8B12-AD53A723B9B6}.inl-production|Any CPU.Build.0 = inl-production|Any CPU
		{32D8874C-0627-4007-8B12-AD53A723B9B6}.inl-test|Any CPU.ActiveCfg = inl-test|Any CPU
		{32D8874C-0627-4007-8B12-AD53A723B9B6}.inl-test|Any CPU.Build.0 = inl-test|Any CPU
		{32D8874C-0627-4007-8B12-AD53A723B9B6}.inl-uat|Any CPU.ActiveCfg = inl-uat|Any CPU
		{32D8874C-0627-4007-8B12-AD53A723B9B6}.inl-uat|Any CPU.Build.0 = inl-uat|Any CPU
		{32D8874C-0627-4007-8B12-AD53A723B9B6}.Release|Any CPU.ActiveCfg = Release|Any CPU
		{32D8874C-0627-4007-8B12-AD53A723B9B6}.Release|Any CPU.Build.0 = Release|Any CPU
		{D1B79D37-2BDF-4B29-9B86-B879CDCF3306}.Debug|Any CPU.ActiveCfg = Debug|Any CPU
		{D1B79D37-2BDF-4B29-9B86-B879CDCF3306}.Debug|Any CPU.Build.0 = Debug|Any CPU
		{D1B79D37-2BDF-4B29-9B86-B879CDCF3306}.Development|Any CPU.ActiveCfg = Debug|Any CPU
		{D1B79D37-2BDF-4B29-9B86-B879CDCF3306}.Development|Any CPU.Build.0 = Debug|Any CPU
		{D1B79D37-2BDF-4B29-9B86-B879CDCF3306}.inl-dev|Any CPU.ActiveCfg = inl-dev|Any CPU
		{D1B79D37-2BDF-4B29-9B86-B879CDCF3306}.inl-dev|Any CPU.Build.0 = inl-dev|Any CPU
		{D1B79D37-2BDF-4B29-9B86-B879CDCF3306}.inl-production|Any CPU.ActiveCfg = inl-production|Any CPU
		{D1B79D37-2BDF-4B29-9B86-B879CDCF3306}.inl-production|Any CPU.Build.0 = inl-production|Any CPU
		{D1B79D37-2BDF-4B29-9B86-B879CDCF3306}.inl-test|Any CPU.ActiveCfg = inl-test|Any CPU
		{D1B79D37-2BDF-4B29-9B86-B879CDCF3306}.inl-test|Any CPU.Build.0 = inl-test|Any CPU
		{D1B79D37-2BDF-4B29-9B86-B879CDCF3306}.inl-uat|Any CPU.ActiveCfg = inl-uat|Any CPU
		{D1B79D37-2BDF-4B29-9B86-B879CDCF3306}.inl-uat|Any CPU.Build.0 = inl-uat|Any CPU
		{D1B79D37-2BDF-4B29-9B86-B879CDCF3306}.Release|Any CPU.ActiveCfg = Release|Any CPU
		{D1B79D37-2BDF-4B29-9B86-B879CDCF3306}.Release|Any CPU.Build.0 = Release|Any CPU
		{48A45F1C-CD2D-4250-B8F2-03B3612C49D9}.Debug|Any CPU.ActiveCfg = Debug|Any CPU
		{48A45F1C-CD2D-4250-B8F2-03B3612C49D9}.Debug|Any CPU.Build.0 = Debug|Any CPU
		{48A45F1C-CD2D-4250-B8F2-03B3612C49D9}.Development|Any CPU.ActiveCfg = Debug|Any CPU
		{48A45F1C-CD2D-4250-B8F2-03B3612C49D9}.Development|Any CPU.Build.0 = Debug|Any CPU
		{48A45F1C-CD2D-4250-B8F2-03B3612C49D9}.inl-dev|Any CPU.ActiveCfg = inl-dev|Any CPU
		{48A45F1C-CD2D-4250-B8F2-03B3612C49D9}.inl-dev|Any CPU.Build.0 = inl-dev|Any CPU
		{48A45F1C-CD2D-4250-B8F2-03B3612C49D9}.inl-production|Any CPU.ActiveCfg = inl-production|Any CPU
		{48A45F1C-CD2D-4250-B8F2-03B3612C49D9}.inl-production|Any CPU.Build.0 = inl-production|Any CPU
		{48A45F1C-CD2D-4250-B8F2-03B3612C49D9}.inl-test|Any CPU.ActiveCfg = inl-test|Any CPU
		{48A45F1C-CD2D-4250-B8F2-03B3612C49D9}.inl-test|Any CPU.Build.0 = inl-test|Any CPU
		{48A45F1C-CD2D-4250-B8F2-03B3612C49D9}.inl-uat|Any CPU.ActiveCfg = inl-uat|Any CPU
		{48A45F1C-CD2D-4250-B8F2-03B3612C49D9}.inl-uat|Any CPU.Build.0 = inl-uat|Any CPU
		{48A45F1C-CD2D-4250-B8F2-03B3612C49D9}.Release|Any CPU.ActiveCfg = Release|Any CPU
		{48A45F1C-CD2D-4250-B8F2-03B3612C49D9}.Release|Any CPU.Build.0 = Release|Any CPU
		{F064FDD9-7DC1-4C95-AEBF-35CE4AF3663D}.Debug|Any CPU.ActiveCfg = Debug|Any CPU
		{F064FDD9-7DC1-4C95-AEBF-35CE4AF3663D}.Debug|Any CPU.Build.0 = Debug|Any CPU
		{F064FDD9-7DC1-4C95-AEBF-35CE4AF3663D}.Development|Any CPU.ActiveCfg = Debug|Any CPU
		{F064FDD9-7DC1-4C95-AEBF-35CE4AF3663D}.Development|Any CPU.Build.0 = Debug|Any CPU
		{F064FDD9-7DC1-4C95-AEBF-35CE4AF3663D}.inl-dev|Any CPU.ActiveCfg = inl-dev|Any CPU
		{F064FDD9-7DC1-4C95-AEBF-35CE4AF3663D}.inl-dev|Any CPU.Build.0 = inl-dev|Any CPU
		{F064FDD9-7DC1-4C95-AEBF-35CE4AF3663D}.inl-production|Any CPU.ActiveCfg = inl-production|Any CPU
		{F064FDD9-7DC1-4C95-AEBF-35CE4AF3663D}.inl-production|Any CPU.Build.0 = inl-production|Any CPU
		{F064FDD9-7DC1-4C95-AEBF-35CE4AF3663D}.inl-test|Any CPU.ActiveCfg = inl-test|Any CPU
		{F064FDD9-7DC1-4C95-AEBF-35CE4AF3663D}.inl-test|Any CPU.Build.0 = inl-test|Any CPU
		{F064FDD9-7DC1-4C95-AEBF-35CE4AF3663D}.inl-uat|Any CPU.ActiveCfg = inl-uat|Any CPU
		{F064FDD9-7DC1-4C95-AEBF-35CE4AF3663D}.inl-uat|Any CPU.Build.0 = inl-uat|Any CPU
		{F064FDD9-7DC1-4C95-AEBF-35CE4AF3663D}.Release|Any CPU.ActiveCfg = Release|Any CPU
		{F064FDD9-7DC1-4C95-AEBF-35CE4AF3663D}.Release|Any CPU.Build.0 = Release|Any CPU
		{B6655C8A-6E1B-4511-9121-F9821DE05F82}.Debug|Any CPU.ActiveCfg = Debug|Any CPU
		{B6655C8A-6E1B-4511-9121-F9821DE05F82}.Debug|Any CPU.Build.0 = Debug|Any CPU
		{B6655C8A-6E1B-4511-9121-F9821DE05F82}.Development|Any CPU.ActiveCfg = Debug|Any CPU
		{B6655C8A-6E1B-4511-9121-F9821DE05F82}.Development|Any CPU.Build.0 = Debug|Any CPU
		{B6655C8A-6E1B-4511-9121-F9821DE05F82}.inl-dev|Any CPU.ActiveCfg = inl-dev|Any CPU
		{B6655C8A-6E1B-4511-9121-F9821DE05F82}.inl-dev|Any CPU.Build.0 = inl-dev|Any CPU
		{B6655C8A-6E1B-4511-9121-F9821DE05F82}.inl-production|Any CPU.ActiveCfg = inl-production|Any CPU
		{B6655C8A-6E1B-4511-9121-F9821DE05F82}.inl-production|Any CPU.Build.0 = inl-production|Any CPU
		{B6655C8A-6E1B-4511-9121-F9821DE05F82}.inl-test|Any CPU.ActiveCfg = inl-test|Any CPU
		{B6655C8A-6E1B-4511-9121-F9821DE05F82}.inl-test|Any CPU.Build.0 = inl-test|Any CPU
		{B6655C8A-6E1B-4511-9121-F9821DE05F82}.inl-uat|Any CPU.ActiveCfg = inl-uat|Any CPU
		{B6655C8A-6E1B-4511-9121-F9821DE05F82}.inl-uat|Any CPU.Build.0 = inl-uat|Any CPU
		{B6655C8A-6E1B-4511-9121-F9821DE05F82}.Release|Any CPU.ActiveCfg = Release|Any CPU
		{B6655C8A-6E1B-4511-9121-F9821DE05F82}.Release|Any CPU.Build.0 = Release|Any CPU
		{F7F0A32F-4C9A-46E6-B8CD-D86A83112AB0}.Debug|Any CPU.ActiveCfg = Debug|Any CPU
		{F7F0A32F-4C9A-46E6-B8CD-D86A83112AB0}.Debug|Any CPU.Build.0 = Debug|Any CPU
		{F7F0A32F-4C9A-46E6-B8CD-D86A83112AB0}.Development|Any CPU.ActiveCfg = Debug|Any CPU
		{F7F0A32F-4C9A-46E6-B8CD-D86A83112AB0}.Development|Any CPU.Build.0 = Debug|Any CPU
		{F7F0A32F-4C9A-46E6-B8CD-D86A83112AB0}.inl-dev|Any CPU.ActiveCfg = inl-dev|Any CPU
		{F7F0A32F-4C9A-46E6-B8CD-D86A83112AB0}.inl-dev|Any CPU.Build.0 = inl-dev|Any CPU
		{F7F0A32F-4C9A-46E6-B8CD-D86A83112AB0}.inl-production|Any CPU.ActiveCfg = inl-production|Any CPU
		{F7F0A32F-4C9A-46E6-B8CD-D86A83112AB0}.inl-production|Any CPU.Build.0 = inl-production|Any CPU
		{F7F0A32F-4C9A-46E6-B8CD-D86A83112AB0}.inl-test|Any CPU.ActiveCfg = inl-test|Any CPU
		{F7F0A32F-4C9A-46E6-B8CD-D86A83112AB0}.inl-test|Any CPU.Build.0 = inl-test|Any CPU
		{F7F0A32F-4C9A-46E6-B8CD-D86A83112AB0}.inl-uat|Any CPU.ActiveCfg = inl-uat|Any CPU
		{F7F0A32F-4C9A-46E6-B8CD-D86A83112AB0}.inl-uat|Any CPU.Build.0 = inl-uat|Any CPU
		{F7F0A32F-4C9A-46E6-B8CD-D86A83112AB0}.Release|Any CPU.ActiveCfg = Release|Any CPU
		{F7F0A32F-4C9A-46E6-B8CD-D86A83112AB0}.Release|Any CPU.Build.0 = Release|Any CPU
		{41FEF6BD-B85E-4A73-9560-25837E81FB29}.Debug|Any CPU.ActiveCfg = Debug|Any CPU
		{41FEF6BD-B85E-4A73-9560-25837E81FB29}.Debug|Any CPU.Build.0 = Debug|Any CPU
		{41FEF6BD-B85E-4A73-9560-25837E81FB29}.Development|Any CPU.ActiveCfg = Debug|Any CPU
		{41FEF6BD-B85E-4A73-9560-25837E81FB29}.Development|Any CPU.Build.0 = Debug|Any CPU
		{41FEF6BD-B85E-4A73-9560-25837E81FB29}.inl-dev|Any CPU.ActiveCfg = inl-dev|Any CPU
		{41FEF6BD-B85E-4A73-9560-25837E81FB29}.inl-dev|Any CPU.Build.0 = inl-dev|Any CPU
		{41FEF6BD-B85E-4A73-9560-25837E81FB29}.inl-production|Any CPU.ActiveCfg = inl-production|Any CPU
		{41FEF6BD-B85E-4A73-9560-25837E81FB29}.inl-production|Any CPU.Build.0 = inl-production|Any CPU
		{41FEF6BD-B85E-4A73-9560-25837E81FB29}.inl-test|Any CPU.ActiveCfg = inl-test|Any CPU
		{41FEF6BD-B85E-4A73-9560-25837E81FB29}.inl-test|Any CPU.Build.0 = inl-test|Any CPU
		{41FEF6BD-B85E-4A73-9560-25837E81FB29}.inl-uat|Any CPU.ActiveCfg = inl-uat|Any CPU
		{41FEF6BD-B85E-4A73-9560-25837E81FB29}.inl-uat|Any CPU.Build.0 = inl-uat|Any CPU
		{41FEF6BD-B85E-4A73-9560-25837E81FB29}.Release|Any CPU.ActiveCfg = Release|Any CPU
		{41FEF6BD-B85E-4A73-9560-25837E81FB29}.Release|Any CPU.Build.0 = Release|Any CPU
		{FE7AFC67-EEA7-488B-A821-8A2EB8A4AC28}.Debug|Any CPU.ActiveCfg = Debug|Any CPU
		{FE7AFC67-EEA7-488B-A821-8A2EB8A4AC28}.Debug|Any CPU.Build.0 = Debug|Any CPU
		{FE7AFC67-EEA7-488B-A821-8A2EB8A4AC28}.Development|Any CPU.ActiveCfg = Debug|Any CPU
		{FE7AFC67-EEA7-488B-A821-8A2EB8A4AC28}.Development|Any CPU.Build.0 = Debug|Any CPU
		{FE7AFC67-EEA7-488B-A821-8A2EB8A4AC28}.inl-dev|Any CPU.ActiveCfg = inl-dev|Any CPU
		{FE7AFC67-EEA7-488B-A821-8A2EB8A4AC28}.inl-dev|Any CPU.Build.0 = inl-dev|Any CPU
		{FE7AFC67-EEA7-488B-A821-8A2EB8A4AC28}.inl-production|Any CPU.ActiveCfg = inl-production|Any CPU
		{FE7AFC67-EEA7-488B-A821-8A2EB8A4AC28}.inl-production|Any CPU.Build.0 = inl-production|Any CPU
		{FE7AFC67-EEA7-488B-A821-8A2EB8A4AC28}.inl-test|Any CPU.ActiveCfg = inl-test|Any CPU
		{FE7AFC67-EEA7-488B-A821-8A2EB8A4AC28}.inl-test|Any CPU.Build.0 = inl-test|Any CPU
		{FE7AFC67-EEA7-488B-A821-8A2EB8A4AC28}.inl-uat|Any CPU.ActiveCfg = inl-uat|Any CPU
		{FE7AFC67-EEA7-488B-A821-8A2EB8A4AC28}.inl-uat|Any CPU.Build.0 = inl-uat|Any CPU
		{FE7AFC67-EEA7-488B-A821-8A2EB8A4AC28}.Release|Any CPU.ActiveCfg = Release|Any CPU
		{FE7AFC67-EEA7-488B-A821-8A2EB8A4AC28}.Release|Any CPU.Build.0 = Release|Any CPU
		{23FDFAF9-15CE-422D-A8CF-D472E42D476A}.Debug|Any CPU.ActiveCfg = Debug|Any CPU
		{23FDFAF9-15CE-422D-A8CF-D472E42D476A}.Debug|Any CPU.Build.0 = Debug|Any CPU
		{23FDFAF9-15CE-422D-A8CF-D472E42D476A}.Development|Any CPU.ActiveCfg = Debug|Any CPU
		{23FDFAF9-15CE-422D-A8CF-D472E42D476A}.Development|Any CPU.Build.0 = Debug|Any CPU
		{23FDFAF9-15CE-422D-A8CF-D472E42D476A}.inl-dev|Any CPU.ActiveCfg = inl-dev|Any CPU
		{23FDFAF9-15CE-422D-A8CF-D472E42D476A}.inl-dev|Any CPU.Build.0 = inl-dev|Any CPU
		{23FDFAF9-15CE-422D-A8CF-D472E42D476A}.inl-production|Any CPU.ActiveCfg = inl-production|Any CPU
		{23FDFAF9-15CE-422D-A8CF-D472E42D476A}.inl-production|Any CPU.Build.0 = inl-production|Any CPU
		{23FDFAF9-15CE-422D-A8CF-D472E42D476A}.inl-test|Any CPU.ActiveCfg = inl-test|Any CPU
		{23FDFAF9-15CE-422D-A8CF-D472E42D476A}.inl-test|Any CPU.Build.0 = inl-test|Any CPU
		{23FDFAF9-15CE-422D-A8CF-D472E42D476A}.inl-uat|Any CPU.ActiveCfg = inl-uat|Any CPU
		{23FDFAF9-15CE-422D-A8CF-D472E42D476A}.inl-uat|Any CPU.Build.0 = inl-uat|Any CPU
		{23FDFAF9-15CE-422D-A8CF-D472E42D476A}.Release|Any CPU.ActiveCfg = Release|Any CPU
		{23FDFAF9-15CE-422D-A8CF-D472E42D476A}.Release|Any CPU.Build.0 = Release|Any CPU
		{38472B57-4807-4330-B481-754CF8F5D4C6}.Debug|Any CPU.ActiveCfg = Debug|Any CPU
		{38472B57-4807-4330-B481-754CF8F5D4C6}.Debug|Any CPU.Build.0 = Debug|Any CPU
		{38472B57-4807-4330-B481-754CF8F5D4C6}.Development|Any CPU.ActiveCfg = Debug|Any CPU
		{38472B57-4807-4330-B481-754CF8F5D4C6}.Development|Any CPU.Build.0 = Debug|Any CPU
		{38472B57-4807-4330-B481-754CF8F5D4C6}.Development|Any CPU.Deploy.0 = Debug|Any CPU
		{38472B57-4807-4330-B481-754CF8F5D4C6}.inl-dev|Any CPU.ActiveCfg = inl-dev|Any CPU
		{38472B57-4807-4330-B481-754CF8F5D4C6}.inl-dev|Any CPU.Build.0 = inl-dev|Any CPU
		{38472B57-4807-4330-B481-754CF8F5D4C6}.inl-production|Any CPU.ActiveCfg = inl-production|Any CPU
		{38472B57-4807-4330-B481-754CF8F5D4C6}.inl-production|Any CPU.Build.0 = inl-production|Any CPU
		{38472B57-4807-4330-B481-754CF8F5D4C6}.inl-test|Any CPU.ActiveCfg = inl-test|Any CPU
		{38472B57-4807-4330-B481-754CF8F5D4C6}.inl-test|Any CPU.Build.0 = inl-test|Any CPU
		{38472B57-4807-4330-B481-754CF8F5D4C6}.inl-uat|Any CPU.ActiveCfg = inl-uat|Any CPU
		{38472B57-4807-4330-B481-754CF8F5D4C6}.inl-uat|Any CPU.Build.0 = inl-uat|Any CPU
		{38472B57-4807-4330-B481-754CF8F5D4C6}.Release|Any CPU.ActiveCfg = Release|Any CPU
		{38472B57-4807-4330-B481-754CF8F5D4C6}.Release|Any CPU.Build.0 = Release|Any CPU
		{38472B57-4807-4330-B481-754CF8F5D4C6}.Release|Any CPU.Deploy.0 = Release|Any CPU
		{75A92B91-D961-4D4F-B519-4EEA2E448F94}.Debug|Any CPU.ActiveCfg = Debug|Any CPU
		{75A92B91-D961-4D4F-B519-4EEA2E448F94}.Debug|Any CPU.Build.0 = Debug|Any CPU
		{75A92B91-D961-4D4F-B519-4EEA2E448F94}.Development|Any CPU.ActiveCfg = Debug|Any CPU
		{75A92B91-D961-4D4F-B519-4EEA2E448F94}.Development|Any CPU.Build.0 = Debug|Any CPU
		{75A92B91-D961-4D4F-B519-4EEA2E448F94}.inl-dev|Any CPU.ActiveCfg = inl-dev|Any CPU
		{75A92B91-D961-4D4F-B519-4EEA2E448F94}.inl-dev|Any CPU.Build.0 = inl-dev|Any CPU
		{75A92B91-D961-4D4F-B519-4EEA2E448F94}.inl-production|Any CPU.ActiveCfg = inl-production|Any CPU
		{75A92B91-D961-4D4F-B519-4EEA2E448F94}.inl-production|Any CPU.Build.0 = inl-production|Any CPU
		{75A92B91-D961-4D4F-B519-4EEA2E448F94}.inl-test|Any CPU.ActiveCfg = inl-test|Any CPU
		{75A92B91-D961-4D4F-B519-4EEA2E448F94}.inl-test|Any CPU.Build.0 = inl-test|Any CPU
		{75A92B91-D961-4D4F-B519-4EEA2E448F94}.inl-uat|Any CPU.ActiveCfg = inl-uat|Any CPU
		{75A92B91-D961-4D4F-B519-4EEA2E448F94}.inl-uat|Any CPU.Build.0 = inl-uat|Any CPU
		{75A92B91-D961-4D4F-B519-4EEA2E448F94}.Release|Any CPU.ActiveCfg = Release|Any CPU
		{75A92B91-D961-4D4F-B519-4EEA2E448F94}.Release|Any CPU.Build.0 = Release|Any CPU
		{E8CDF0BD-7F84-4BF7-AE9E-5161CBDDB4F9}.Debug|Any CPU.ActiveCfg = Debug|Any CPU
		{E8CDF0BD-7F84-4BF7-AE9E-5161CBDDB4F9}.Debug|Any CPU.Build.0 = Debug|Any CPU
		{E8CDF0BD-7F84-4BF7-AE9E-5161CBDDB4F9}.Development|Any CPU.ActiveCfg = Debug|Any CPU
		{E8CDF0BD-7F84-4BF7-AE9E-5161CBDDB4F9}.Development|Any CPU.Build.0 = Debug|Any CPU
		{E8CDF0BD-7F84-4BF7-AE9E-5161CBDDB4F9}.inl-dev|Any CPU.ActiveCfg = inl-dev|Any CPU
		{E8CDF0BD-7F84-4BF7-AE9E-5161CBDDB4F9}.inl-dev|Any CPU.Build.0 = inl-dev|Any CPU
		{E8CDF0BD-7F84-4BF7-AE9E-5161CBDDB4F9}.inl-production|Any CPU.ActiveCfg = inl-production|Any CPU
		{E8CDF0BD-7F84-4BF7-AE9E-5161CBDDB4F9}.inl-production|Any CPU.Build.0 = inl-production|Any CPU
		{E8CDF0BD-7F84-4BF7-AE9E-5161CBDDB4F9}.inl-test|Any CPU.ActiveCfg = inl-test|Any CPU
		{E8CDF0BD-7F84-4BF7-AE9E-5161CBDDB4F9}.inl-test|Any CPU.Build.0 = inl-test|Any CPU
		{E8CDF0BD-7F84-4BF7-AE9E-5161CBDDB4F9}.inl-uat|Any CPU.ActiveCfg = inl-uat|Any CPU
		{E8CDF0BD-7F84-4BF7-AE9E-5161CBDDB4F9}.inl-uat|Any CPU.Build.0 = inl-uat|Any CPU
		{E8CDF0BD-7F84-4BF7-AE9E-5161CBDDB4F9}.Release|Any CPU.ActiveCfg = Release|Any CPU
		{E8CDF0BD-7F84-4BF7-AE9E-5161CBDDB4F9}.Release|Any CPU.Build.0 = Release|Any CPU
		{59C39919-A194-4E98-9E84-D60641DD4409}.Debug|Any CPU.ActiveCfg = Debug|Any CPU
		{59C39919-A194-4E98-9E84-D60641DD4409}.Debug|Any CPU.Build.0 = Debug|Any CPU
		{59C39919-A194-4E98-9E84-D60641DD4409}.Development|Any CPU.ActiveCfg = Debug|Any CPU
		{59C39919-A194-4E98-9E84-D60641DD4409}.Development|Any CPU.Build.0 = Debug|Any CPU
		{59C39919-A194-4E98-9E84-D60641DD4409}.inl-dev|Any CPU.ActiveCfg = inl-dev|Any CPU
		{59C39919-A194-4E98-9E84-D60641DD4409}.inl-dev|Any CPU.Build.0 = inl-dev|Any CPU
		{59C39919-A194-4E98-9E84-D60641DD4409}.inl-production|Any CPU.ActiveCfg = inl-production|Any CPU
		{59C39919-A194-4E98-9E84-D60641DD4409}.inl-production|Any CPU.Build.0 = inl-production|Any CPU
		{59C39919-A194-4E98-9E84-D60641DD4409}.inl-test|Any CPU.ActiveCfg = inl-test|Any CPU
		{59C39919-A194-4E98-9E84-D60641DD4409}.inl-test|Any CPU.Build.0 = inl-test|Any CPU
		{59C39919-A194-4E98-9E84-D60641DD4409}.inl-uat|Any CPU.ActiveCfg = inl-uat|Any CPU
		{59C39919-A194-4E98-9E84-D60641DD4409}.inl-uat|Any CPU.Build.0 = inl-uat|Any CPU
		{59C39919-A194-4E98-9E84-D60641DD4409}.Release|Any CPU.ActiveCfg = Release|Any CPU
		{59C39919-A194-4E98-9E84-D60641DD4409}.Release|Any CPU.Build.0 = Release|Any CPU
		{B667ED01-E6D3-43B1-B37C-1744056598A8}.Debug|Any CPU.ActiveCfg = Debug|Any CPU
		{B667ED01-E6D3-43B1-B37C-1744056598A8}.Debug|Any CPU.Build.0 = Debug|Any CPU
		{B667ED01-E6D3-43B1-B37C-1744056598A8}.Development|Any CPU.ActiveCfg = Debug|Any CPU
		{B667ED01-E6D3-43B1-B37C-1744056598A8}.Development|Any CPU.Build.0 = Debug|Any CPU
		{B667ED01-E6D3-43B1-B37C-1744056598A8}.inl-dev|Any CPU.ActiveCfg = inl-dev|Any CPU
		{B667ED01-E6D3-43B1-B37C-1744056598A8}.inl-dev|Any CPU.Build.0 = inl-dev|Any CPU
		{B667ED01-E6D3-43B1-B37C-1744056598A8}.inl-production|Any CPU.ActiveCfg = inl-production|Any CPU
		{B667ED01-E6D3-43B1-B37C-1744056598A8}.inl-production|Any CPU.Build.0 = inl-production|Any CPU
		{B667ED01-E6D3-43B1-B37C-1744056598A8}.inl-test|Any CPU.ActiveCfg = inl-test|Any CPU
		{B667ED01-E6D3-43B1-B37C-1744056598A8}.inl-test|Any CPU.Build.0 = inl-test|Any CPU
		{B667ED01-E6D3-43B1-B37C-1744056598A8}.inl-uat|Any CPU.ActiveCfg = inl-uat|Any CPU
		{B667ED01-E6D3-43B1-B37C-1744056598A8}.inl-uat|Any CPU.Build.0 = inl-uat|Any CPU
		{B667ED01-E6D3-43B1-B37C-1744056598A8}.Release|Any CPU.ActiveCfg = Release|Any CPU
		{B667ED01-E6D3-43B1-B37C-1744056598A8}.Release|Any CPU.Build.0 = Release|Any CPU
		{92B41BA1-0184-447F-A30F-12A3B60CB681}.Debug|Any CPU.ActiveCfg = Debug|Any CPU
		{92B41BA1-0184-447F-A30F-12A3B60CB681}.Debug|Any CPU.Build.0 = Debug|Any CPU
		{92B41BA1-0184-447F-A30F-12A3B60CB681}.Development|Any CPU.ActiveCfg = Debug|Any CPU
		{92B41BA1-0184-447F-A30F-12A3B60CB681}.Development|Any CPU.Build.0 = Debug|Any CPU
		{92B41BA1-0184-447F-A30F-12A3B60CB681}.inl-dev|Any CPU.ActiveCfg = inl-dev|Any CPU
		{92B41BA1-0184-447F-A30F-12A3B60CB681}.inl-dev|Any CPU.Build.0 = inl-dev|Any CPU
		{92B41BA1-0184-447F-A30F-12A3B60CB681}.inl-production|Any CPU.ActiveCfg = inl-production|Any CPU
		{92B41BA1-0184-447F-A30F-12A3B60CB681}.inl-production|Any CPU.Build.0 = inl-production|Any CPU
		{92B41BA1-0184-447F-A30F-12A3B60CB681}.inl-test|Any CPU.ActiveCfg = inl-test|Any CPU
		{92B41BA1-0184-447F-A30F-12A3B60CB681}.inl-test|Any CPU.Build.0 = inl-test|Any CPU
		{92B41BA1-0184-447F-A30F-12A3B60CB681}.inl-uat|Any CPU.ActiveCfg = inl-uat|Any CPU
		{92B41BA1-0184-447F-A30F-12A3B60CB681}.inl-uat|Any CPU.Build.0 = inl-uat|Any CPU
		{92B41BA1-0184-447F-A30F-12A3B60CB681}.Release|Any CPU.ActiveCfg = Release|Any CPU
		{92B41BA1-0184-447F-A30F-12A3B60CB681}.Release|Any CPU.Build.0 = Release|Any CPU
		{5D11F200-7F01-4E5D-8F0B-E3FCCE7CE32E}.Debug|Any CPU.ActiveCfg = Debug|Any CPU
		{5D11F200-7F01-4E5D-8F0B-E3FCCE7CE32E}.Debug|Any CPU.Build.0 = Debug|Any CPU
		{5D11F200-7F01-4E5D-8F0B-E3FCCE7CE32E}.Development|Any CPU.ActiveCfg = Debug|Any CPU
		{5D11F200-7F01-4E5D-8F0B-E3FCCE7CE32E}.Development|Any CPU.Build.0 = Debug|Any CPU
		{5D11F200-7F01-4E5D-8F0B-E3FCCE7CE32E}.inl-dev|Any CPU.ActiveCfg = inl-dev|Any CPU
		{5D11F200-7F01-4E5D-8F0B-E3FCCE7CE32E}.inl-dev|Any CPU.Build.0 = inl-dev|Any CPU
		{5D11F200-7F01-4E5D-8F0B-E3FCCE7CE32E}.inl-production|Any CPU.ActiveCfg = inl-production|Any CPU
		{5D11F200-7F01-4E5D-8F0B-E3FCCE7CE32E}.inl-production|Any CPU.Build.0 = inl-production|Any CPU
		{5D11F200-7F01-4E5D-8F0B-E3FCCE7CE32E}.inl-test|Any CPU.ActiveCfg = inl-test|Any CPU
		{5D11F200-7F01-4E5D-8F0B-E3FCCE7CE32E}.inl-test|Any CPU.Build.0 = inl-test|Any CPU
		{5D11F200-7F01-4E5D-8F0B-E3FCCE7CE32E}.inl-uat|Any CPU.ActiveCfg = inl-uat|Any CPU
		{5D11F200-7F01-4E5D-8F0B-E3FCCE7CE32E}.inl-uat|Any CPU.Build.0 = inl-uat|Any CPU
		{5D11F200-7F01-4E5D-8F0B-E3FCCE7CE32E}.Release|Any CPU.ActiveCfg = Release|Any CPU
		{5D11F200-7F01-4E5D-8F0B-E3FCCE7CE32E}.Release|Any CPU.Build.0 = Release|Any CPU
		{AD783268-F132-4602-B1BB-A1E7182AF856}.Debug|Any CPU.ActiveCfg = Debug|Any CPU
		{AD783268-F132-4602-B1BB-A1E7182AF856}.Debug|Any CPU.Build.0 = Debug|Any CPU
		{AD783268-F132-4602-B1BB-A1E7182AF856}.Development|Any CPU.ActiveCfg = Debug|Any CPU
		{AD783268-F132-4602-B1BB-A1E7182AF856}.Development|Any CPU.Build.0 = Debug|Any CPU
		{AD783268-F132-4602-B1BB-A1E7182AF856}.inl-dev|Any CPU.ActiveCfg = inl-dev|Any CPU
		{AD783268-F132-4602-B1BB-A1E7182AF856}.inl-dev|Any CPU.Build.0 = inl-dev|Any CPU
		{AD783268-F132-4602-B1BB-A1E7182AF856}.inl-production|Any CPU.ActiveCfg = inl-production|Any CPU
		{AD783268-F132-4602-B1BB-A1E7182AF856}.inl-production|Any CPU.Build.0 = inl-production|Any CPU
		{AD783268-F132-4602-B1BB-A1E7182AF856}.inl-test|Any CPU.ActiveCfg = inl-test|Any CPU
		{AD783268-F132-4602-B1BB-A1E7182AF856}.inl-test|Any CPU.Build.0 = inl-test|Any CPU
		{AD783268-F132-4602-B1BB-A1E7182AF856}.inl-uat|Any CPU.ActiveCfg = inl-uat|Any CPU
		{AD783268-F132-4602-B1BB-A1E7182AF856}.inl-uat|Any CPU.Build.0 = inl-uat|Any CPU
		{AD783268-F132-4602-B1BB-A1E7182AF856}.Release|Any CPU.ActiveCfg = Release|Any CPU
		{AD783268-F132-4602-B1BB-A1E7182AF856}.Release|Any CPU.Build.0 = Release|Any CPU
		{B3AD8EC5-3624-4BD9-B0D8-3722C8DF4765}.Debug|Any CPU.ActiveCfg = Debug|Any CPU
		{B3AD8EC5-3624-4BD9-B0D8-3722C8DF4765}.Debug|Any CPU.Build.0 = Debug|Any CPU
		{B3AD8EC5-3624-4BD9-B0D8-3722C8DF4765}.Development|Any CPU.ActiveCfg = Debug|Any CPU
		{B3AD8EC5-3624-4BD9-B0D8-3722C8DF4765}.Development|Any CPU.Build.0 = Debug|Any CPU
		{B3AD8EC5-3624-4BD9-B0D8-3722C8DF4765}.inl-dev|Any CPU.ActiveCfg = inl-dev|Any CPU
		{B3AD8EC5-3624-4BD9-B0D8-3722C8DF4765}.inl-dev|Any CPU.Build.0 = inl-dev|Any CPU
		{B3AD8EC5-3624-4BD9-B0D8-3722C8DF4765}.inl-production|Any CPU.ActiveCfg = inl-production|Any CPU
		{B3AD8EC5-3624-4BD9-B0D8-3722C8DF4765}.inl-production|Any CPU.Build.0 = inl-production|Any CPU
		{B3AD8EC5-3624-4BD9-B0D8-3722C8DF4765}.inl-test|Any CPU.ActiveCfg = inl-test|Any CPU
		{B3AD8EC5-3624-4BD9-B0D8-3722C8DF4765}.inl-test|Any CPU.Build.0 = inl-test|Any CPU
		{B3AD8EC5-3624-4BD9-B0D8-3722C8DF4765}.inl-uat|Any CPU.ActiveCfg = inl-uat|Any CPU
		{B3AD8EC5-3624-4BD9-B0D8-3722C8DF4765}.inl-uat|Any CPU.Build.0 = inl-uat|Any CPU
		{B3AD8EC5-3624-4BD9-B0D8-3722C8DF4765}.Release|Any CPU.ActiveCfg = Release|Any CPU
		{B3AD8EC5-3624-4BD9-B0D8-3722C8DF4765}.Release|Any CPU.Build.0 = Release|Any CPU
		{7FBFD988-2172-47B1-B119-7C3A36E8C0F7}.Debug|Any CPU.ActiveCfg = Debug|Any CPU
		{7FBFD988-2172-47B1-B119-7C3A36E8C0F7}.Debug|Any CPU.Build.0 = Debug|Any CPU
		{7FBFD988-2172-47B1-B119-7C3A36E8C0F7}.Development|Any CPU.ActiveCfg = Debug|Any CPU
		{7FBFD988-2172-47B1-B119-7C3A36E8C0F7}.Development|Any CPU.Build.0 = Debug|Any CPU
		{7FBFD988-2172-47B1-B119-7C3A36E8C0F7}.inl-dev|Any CPU.ActiveCfg = inl-dev|Any CPU
		{7FBFD988-2172-47B1-B119-7C3A36E8C0F7}.inl-dev|Any CPU.Build.0 = inl-dev|Any CPU
		{7FBFD988-2172-47B1-B119-7C3A36E8C0F7}.inl-production|Any CPU.ActiveCfg = inl-production|Any CPU
		{7FBFD988-2172-47B1-B119-7C3A36E8C0F7}.inl-production|Any CPU.Build.0 = inl-production|Any CPU
		{7FBFD988-2172-47B1-B119-7C3A36E8C0F7}.inl-test|Any CPU.ActiveCfg = inl-test|Any CPU
		{7FBFD988-2172-47B1-B119-7C3A36E8C0F7}.inl-test|Any CPU.Build.0 = inl-test|Any CPU
		{7FBFD988-2172-47B1-B119-7C3A36E8C0F7}.inl-uat|Any CPU.ActiveCfg = inl-uat|Any CPU
		{7FBFD988-2172-47B1-B119-7C3A36E8C0F7}.inl-uat|Any CPU.Build.0 = inl-uat|Any CPU
		{7FBFD988-2172-47B1-B119-7C3A36E8C0F7}.Release|Any CPU.ActiveCfg = Release|Any CPU
		{7FBFD988-2172-47B1-B119-7C3A36E8C0F7}.Release|Any CPU.Build.0 = Release|Any CPU
		{C76DF0B2-71AE-4E38-8A82-61529CAC55F1}.Debug|Any CPU.ActiveCfg = Debug|Any CPU
		{C76DF0B2-71AE-4E38-8A82-61529CAC55F1}.Debug|Any CPU.Build.0 = Debug|Any CPU
		{C76DF0B2-71AE-4E38-8A82-61529CAC55F1}.Development|Any CPU.ActiveCfg = Debug|Any CPU
		{C76DF0B2-71AE-4E38-8A82-61529CAC55F1}.Development|Any CPU.Build.0 = Debug|Any CPU
		{C76DF0B2-71AE-4E38-8A82-61529CAC55F1}.inl-dev|Any CPU.ActiveCfg = inl-dev|Any CPU
		{C76DF0B2-71AE-4E38-8A82-61529CAC55F1}.inl-dev|Any CPU.Build.0 = inl-dev|Any CPU
		{C76DF0B2-71AE-4E38-8A82-61529CAC55F1}.inl-production|Any CPU.ActiveCfg = inl-production|Any CPU
		{C76DF0B2-71AE-4E38-8A82-61529CAC55F1}.inl-production|Any CPU.Build.0 = inl-production|Any CPU
		{C76DF0B2-71AE-4E38-8A82-61529CAC55F1}.inl-test|Any CPU.ActiveCfg = inl-test|Any CPU
		{C76DF0B2-71AE-4E38-8A82-61529CAC55F1}.inl-test|Any CPU.Build.0 = inl-test|Any CPU
		{C76DF0B2-71AE-4E38-8A82-61529CAC55F1}.inl-uat|Any CPU.ActiveCfg = inl-uat|Any CPU
		{C76DF0B2-71AE-4E38-8A82-61529CAC55F1}.inl-uat|Any CPU.Build.0 = inl-uat|Any CPU
		{C76DF0B2-71AE-4E38-8A82-61529CAC55F1}.Release|Any CPU.ActiveCfg = Release|Any CPU
		{C76DF0B2-71AE-4E38-8A82-61529CAC55F1}.Release|Any CPU.Build.0 = Release|Any CPU
		{E6BEC2DA-4147-463D-8EAB-6A4309147A2F}.Debug|Any CPU.ActiveCfg = Debug|Any CPU
		{E6BEC2DA-4147-463D-8EAB-6A4309147A2F}.Debug|Any CPU.Build.0 = Debug|Any CPU
		{E6BEC2DA-4147-463D-8EAB-6A4309147A2F}.Development|Any CPU.ActiveCfg = Debug|Any CPU
		{E6BEC2DA-4147-463D-8EAB-6A4309147A2F}.Development|Any CPU.Build.0 = Debug|Any CPU
		{E6BEC2DA-4147-463D-8EAB-6A4309147A2F}.inl-dev|Any CPU.ActiveCfg = inl-dev|Any CPU
		{E6BEC2DA-4147-463D-8EAB-6A4309147A2F}.inl-dev|Any CPU.Build.0 = inl-dev|Any CPU
		{E6BEC2DA-4147-463D-8EAB-6A4309147A2F}.inl-production|Any CPU.ActiveCfg = inl-production|Any CPU
		{E6BEC2DA-4147-463D-8EAB-6A4309147A2F}.inl-production|Any CPU.Build.0 = inl-production|Any CPU
		{E6BEC2DA-4147-463D-8EAB-6A4309147A2F}.inl-test|Any CPU.ActiveCfg = inl-test|Any CPU
		{E6BEC2DA-4147-463D-8EAB-6A4309147A2F}.inl-test|Any CPU.Build.0 = inl-test|Any CPU
		{E6BEC2DA-4147-463D-8EAB-6A4309147A2F}.inl-uat|Any CPU.ActiveCfg = inl-uat|Any CPU
		{E6BEC2DA-4147-463D-8EAB-6A4309147A2F}.inl-uat|Any CPU.Build.0 = inl-uat|Any CPU
		{E6BEC2DA-4147-463D-8EAB-6A4309147A2F}.Release|Any CPU.ActiveCfg = Release|Any CPU
		{E6BEC2DA-4147-463D-8EAB-6A4309147A2F}.Release|Any CPU.Build.0 = Release|Any CPU
		{391D5DDF-078B-4EF3-8CE1-9A3B59DD73C6}.Debug|Any CPU.ActiveCfg = Debug|Any CPU
		{391D5DDF-078B-4EF3-8CE1-9A3B59DD73C6}.Debug|Any CPU.Build.0 = Debug|Any CPU
		{391D5DDF-078B-4EF3-8CE1-9A3B59DD73C6}.Development|Any CPU.ActiveCfg = Debug|Any CPU
		{391D5DDF-078B-4EF3-8CE1-9A3B59DD73C6}.Development|Any CPU.Build.0 = Debug|Any CPU
		{391D5DDF-078B-4EF3-8CE1-9A3B59DD73C6}.inl-dev|Any CPU.ActiveCfg = inl-dev|Any CPU
		{391D5DDF-078B-4EF3-8CE1-9A3B59DD73C6}.inl-dev|Any CPU.Build.0 = inl-dev|Any CPU
		{391D5DDF-078B-4EF3-8CE1-9A3B59DD73C6}.inl-production|Any CPU.ActiveCfg = inl-production|Any CPU
		{391D5DDF-078B-4EF3-8CE1-9A3B59DD73C6}.inl-production|Any CPU.Build.0 = inl-production|Any CPU
		{391D5DDF-078B-4EF3-8CE1-9A3B59DD73C6}.inl-test|Any CPU.ActiveCfg = inl-test|Any CPU
		{391D5DDF-078B-4EF3-8CE1-9A3B59DD73C6}.inl-test|Any CPU.Build.0 = inl-test|Any CPU
		{391D5DDF-078B-4EF3-8CE1-9A3B59DD73C6}.inl-uat|Any CPU.ActiveCfg = inl-uat|Any CPU
		{391D5DDF-078B-4EF3-8CE1-9A3B59DD73C6}.inl-uat|Any CPU.Build.0 = inl-uat|Any CPU
		{391D5DDF-078B-4EF3-8CE1-9A3B59DD73C6}.Release|Any CPU.ActiveCfg = Release|Any CPU
		{391D5DDF-078B-4EF3-8CE1-9A3B59DD73C6}.Release|Any CPU.Build.0 = Release|Any CPU
		{0F2E0224-344D-406D-A2AB-6CC1F4E452C8}.Debug|Any CPU.ActiveCfg = Debug|Any CPU
		{0F2E0224-344D-406D-A2AB-6CC1F4E452C8}.Debug|Any CPU.Build.0 = Debug|Any CPU
		{0F2E0224-344D-406D-A2AB-6CC1F4E452C8}.Development|Any CPU.ActiveCfg = Debug|Any CPU
		{0F2E0224-344D-406D-A2AB-6CC1F4E452C8}.Development|Any CPU.Build.0 = Debug|Any CPU
		{0F2E0224-344D-406D-A2AB-6CC1F4E452C8}.inl-dev|Any CPU.ActiveCfg = inl-dev|Any CPU
		{0F2E0224-344D-406D-A2AB-6CC1F4E452C8}.inl-dev|Any CPU.Build.0 = inl-dev|Any CPU
		{0F2E0224-344D-406D-A2AB-6CC1F4E452C8}.inl-production|Any CPU.ActiveCfg = inl-production|Any CPU
		{0F2E0224-344D-406D-A2AB-6CC1F4E452C8}.inl-production|Any CPU.Build.0 = inl-production|Any CPU
		{0F2E0224-344D-406D-A2AB-6CC1F4E452C8}.inl-test|Any CPU.ActiveCfg = inl-test|Any CPU
		{0F2E0224-344D-406D-A2AB-6CC1F4E452C8}.inl-test|Any CPU.Build.0 = inl-test|Any CPU
		{0F2E0224-344D-406D-A2AB-6CC1F4E452C8}.inl-uat|Any CPU.ActiveCfg = inl-uat|Any CPU
		{0F2E0224-344D-406D-A2AB-6CC1F4E452C8}.inl-uat|Any CPU.Build.0 = inl-uat|Any CPU
		{0F2E0224-344D-406D-A2AB-6CC1F4E452C8}.Release|Any CPU.ActiveCfg = Release|Any CPU
		{0F2E0224-344D-406D-A2AB-6CC1F4E452C8}.Release|Any CPU.Build.0 = Release|Any CPU
		{0FAE269E-F4FB-4C34-8DEF-1E352F1C63EC}.Debug|Any CPU.ActiveCfg = Debug|Any CPU
		{0FAE269E-F4FB-4C34-8DEF-1E352F1C63EC}.Debug|Any CPU.Build.0 = Debug|Any CPU
		{0FAE269E-F4FB-4C34-8DEF-1E352F1C63EC}.Development|Any CPU.ActiveCfg = Debug|Any CPU
		{0FAE269E-F4FB-4C34-8DEF-1E352F1C63EC}.Development|Any CPU.Build.0 = Debug|Any CPU
		{0FAE269E-F4FB-4C34-8DEF-1E352F1C63EC}.inl-dev|Any CPU.ActiveCfg = inl-dev|Any CPU
		{0FAE269E-F4FB-4C34-8DEF-1E352F1C63EC}.inl-dev|Any CPU.Build.0 = inl-dev|Any CPU
		{0FAE269E-F4FB-4C34-8DEF-1E352F1C63EC}.inl-production|Any CPU.ActiveCfg = inl-production|Any CPU
		{0FAE269E-F4FB-4C34-8DEF-1E352F1C63EC}.inl-production|Any CPU.Build.0 = inl-production|Any CPU
		{0FAE269E-F4FB-4C34-8DEF-1E352F1C63EC}.inl-test|Any CPU.ActiveCfg = inl-test|Any CPU
		{0FAE269E-F4FB-4C34-8DEF-1E352F1C63EC}.inl-test|Any CPU.Build.0 = inl-test|Any CPU
		{0FAE269E-F4FB-4C34-8DEF-1E352F1C63EC}.inl-uat|Any CPU.ActiveCfg = inl-uat|Any CPU
		{0FAE269E-F4FB-4C34-8DEF-1E352F1C63EC}.inl-uat|Any CPU.Build.0 = inl-uat|Any CPU
		{0FAE269E-F4FB-4C34-8DEF-1E352F1C63EC}.Release|Any CPU.ActiveCfg = Release|Any CPU
		{0FAE269E-F4FB-4C34-8DEF-1E352F1C63EC}.Release|Any CPU.Build.0 = Release|Any CPU
		{4FED0EBF-C0B2-45A5-B11B-DD9E1BF49508}.Debug|Any CPU.ActiveCfg = Debug|Any CPU
		{4FED0EBF-C0B2-45A5-B11B-DD9E1BF49508}.Debug|Any CPU.Build.0 = Debug|Any CPU
		{4FED0EBF-C0B2-45A5-B11B-DD9E1BF49508}.Development|Any CPU.ActiveCfg = Debug|Any CPU
		{4FED0EBF-C0B2-45A5-B11B-DD9E1BF49508}.Development|Any CPU.Build.0 = Debug|Any CPU
		{4FED0EBF-C0B2-45A5-B11B-DD9E1BF49508}.inl-dev|Any CPU.ActiveCfg = inl-dev|Any CPU
		{4FED0EBF-C0B2-45A5-B11B-DD9E1BF49508}.inl-dev|Any CPU.Build.0 = inl-dev|Any CPU
		{4FED0EBF-C0B2-45A5-B11B-DD9E1BF49508}.inl-production|Any CPU.ActiveCfg = inl-production|Any CPU
		{4FED0EBF-C0B2-45A5-B11B-DD9E1BF49508}.inl-production|Any CPU.Build.0 = inl-production|Any CPU
		{4FED0EBF-C0B2-45A5-B11B-DD9E1BF49508}.inl-test|Any CPU.ActiveCfg = inl-test|Any CPU
		{4FED0EBF-C0B2-45A5-B11B-DD9E1BF49508}.inl-test|Any CPU.Build.0 = inl-test|Any CPU
		{4FED0EBF-C0B2-45A5-B11B-DD9E1BF49508}.inl-uat|Any CPU.ActiveCfg = inl-uat|Any CPU
		{4FED0EBF-C0B2-45A5-B11B-DD9E1BF49508}.inl-uat|Any CPU.Build.0 = inl-uat|Any CPU
		{4FED0EBF-C0B2-45A5-B11B-DD9E1BF49508}.Release|Any CPU.ActiveCfg = Release|Any CPU
		{4FED0EBF-C0B2-45A5-B11B-DD9E1BF49508}.Release|Any CPU.Build.0 = Release|Any CPU
		{5323FA42-D565-4C5C-BED4-371CAF98A9FF}.Debug|Any CPU.ActiveCfg = Debug|Any CPU
		{5323FA42-D565-4C5C-BED4-371CAF98A9FF}.Debug|Any CPU.Build.0 = Debug|Any CPU
		{5323FA42-D565-4C5C-BED4-371CAF98A9FF}.Development|Any CPU.ActiveCfg = Debug|Any CPU
		{5323FA42-D565-4C5C-BED4-371CAF98A9FF}.Development|Any CPU.Build.0 = Debug|Any CPU
		{5323FA42-D565-4C5C-BED4-371CAF98A9FF}.inl-dev|Any CPU.ActiveCfg = inl-dev|Any CPU
		{5323FA42-D565-4C5C-BED4-371CAF98A9FF}.inl-dev|Any CPU.Build.0 = inl-dev|Any CPU
		{5323FA42-D565-4C5C-BED4-371CAF98A9FF}.inl-production|Any CPU.ActiveCfg = inl-production|Any CPU
		{5323FA42-D565-4C5C-BED4-371CAF98A9FF}.inl-production|Any CPU.Build.0 = inl-production|Any CPU
		{5323FA42-D565-4C5C-BED4-371CAF98A9FF}.inl-test|Any CPU.ActiveCfg = inl-test|Any CPU
		{5323FA42-D565-4C5C-BED4-371CAF98A9FF}.inl-test|Any CPU.Build.0 = inl-test|Any CPU
		{5323FA42-D565-4C5C-BED4-371CAF98A9FF}.inl-uat|Any CPU.ActiveCfg = inl-uat|Any CPU
		{5323FA42-D565-4C5C-BED4-371CAF98A9FF}.inl-uat|Any CPU.Build.0 = inl-uat|Any CPU
		{5323FA42-D565-4C5C-BED4-371CAF98A9FF}.Release|Any CPU.ActiveCfg = Release|Any CPU
		{5323FA42-D565-4C5C-BED4-371CAF98A9FF}.Release|Any CPU.Build.0 = Release|Any CPU
		{07EA6D59-65B3-405C-99F3-49ECEB3F2AED}.Debug|Any CPU.ActiveCfg = Debug|Any CPU
		{07EA6D59-65B3-405C-99F3-49ECEB3F2AED}.Debug|Any CPU.Build.0 = Debug|Any CPU
		{07EA6D59-65B3-405C-99F3-49ECEB3F2AED}.Development|Any CPU.ActiveCfg = Debug|Any CPU
		{07EA6D59-65B3-405C-99F3-49ECEB3F2AED}.Development|Any CPU.Build.0 = Debug|Any CPU
		{07EA6D59-65B3-405C-99F3-49ECEB3F2AED}.inl-dev|Any CPU.ActiveCfg = inl-dev|Any CPU
		{07EA6D59-65B3-405C-99F3-49ECEB3F2AED}.inl-dev|Any CPU.Build.0 = inl-dev|Any CPU
		{07EA6D59-65B3-405C-99F3-49ECEB3F2AED}.inl-production|Any CPU.ActiveCfg = inl-production|Any CPU
		{07EA6D59-65B3-405C-99F3-49ECEB3F2AED}.inl-production|Any CPU.Build.0 = inl-production|Any CPU
		{07EA6D59-65B3-405C-99F3-49ECEB3F2AED}.inl-test|Any CPU.ActiveCfg = inl-test|Any CPU
		{07EA6D59-65B3-405C-99F3-49ECEB3F2AED}.inl-test|Any CPU.Build.0 = inl-test|Any CPU
		{07EA6D59-65B3-405C-99F3-49ECEB3F2AED}.inl-uat|Any CPU.ActiveCfg = inl-uat|Any CPU
		{07EA6D59-65B3-405C-99F3-49ECEB3F2AED}.inl-uat|Any CPU.Build.0 = inl-uat|Any CPU
		{07EA6D59-65B3-405C-99F3-49ECEB3F2AED}.Release|Any CPU.ActiveCfg = Release|Any CPU
		{07EA6D59-65B3-405C-99F3-49ECEB3F2AED}.Release|Any CPU.Build.0 = Release|Any CPU
	EndGlobalSection
	GlobalSection(SolutionProperties) = preSolution
		HideSolutionNode = FALSE
	EndGlobalSection
	GlobalSection(NestedProjects) = preSolution
		{1A0D92DC-C726-4FA7-9D7A-7E6E293566C9} = {4EEE9954-7E09-4E1F-B7DB-40B9537834E3}
		{CDE4D16A-34CA-4909-817A-F2D501F2A3EA} = {1A0D92DC-C726-4FA7-9D7A-7E6E293566C9}
		{8F097068-F63B-42BE-BB2D-6F04BFA701B0} = {1A0D92DC-C726-4FA7-9D7A-7E6E293566C9}
	EndGlobalSection
	GlobalSection(ExtensibilityGlobals) = postSolution
		SolutionGuid = {F507CDB6-5ACA-482D-85EB-E1505493088B}
	EndGlobalSection
EndGlobal
